// !$*UTF8*$!
{
	archiveVersion = 1;
	classes = {
	};
	objectVersion = 55;
	objects = {

/* Begin PBXBuildFile section */
		6F31D1F92848C10400D0E5A6 /* ImagePicker.swift in Sources */ = {isa = PBXBuildFile; fileRef = 6F31D1F82848C10400D0E5A6 /* ImagePicker.swift */; };
		6F8E09C3284408520095095E /* OnTrackApp.swift in Sources */ = {isa = PBXBuildFile; fileRef = 6F8E09C2284408520095095E /* OnTrackApp.swift */; };
		6F8E09C5284408520095095E /* ContentView.swift in Sources */ = {isa = PBXBuildFile; fileRef = 6F8E09C4284408520095095E /* ContentView.swift */; };
		6F8E09C7284408530095095E /* Assets.xcassets in Resources */ = {isa = PBXBuildFile; fileRef = 6F8E09C6284408530095095E /* Assets.xcassets */; };
		6F8E09CA284408530095095E /* Preview Assets.xcassets in Resources */ = {isa = PBXBuildFile; fileRef = 6F8E09C9284408530095095E /* Preview Assets.xcassets */; };
		6F8E09D4284408530095095E /* OnTrackTests.swift in Sources */ = {isa = PBXBuildFile; fileRef = 6F8E09D3284408530095095E /* OnTrackTests.swift */; };
		6F8E09DE284408530095095E /* OnTrackUITests.swift in Sources */ = {isa = PBXBuildFile; fileRef = 6F8E09DD284408530095095E /* OnTrackUITests.swift */; };
		6F8E09E0284408530095095E /* OnTrackUITestsLaunchTests.swift in Sources */ = {isa = PBXBuildFile; fileRef = 6F8E09DF284408530095095E /* OnTrackUITestsLaunchTests.swift */; };
		6F8E09EE284408840095095E /* AnimeTracked.swift in Sources */ = {isa = PBXBuildFile; fileRef = 6F8E09ED284408840095095E /* AnimeTracked.swift */; };
		6F8E09F12844088D0095095E /* BooksTracked.swift in Sources */ = {isa = PBXBuildFile; fileRef = 6F8E09F02844088D0095095E /* BooksTracked.swift */; };
		6F8E09F4284408AB0095095E /* MangaTracked.swift in Sources */ = {isa = PBXBuildFile; fileRef = 6F8E09F3284408AB0095095E /* MangaTracked.swift */; };
		6F8E09F7284408B10095095E /* MovieTracked.swift in Sources */ = {isa = PBXBuildFile; fileRef = 6F8E09F6284408B10095095E /* MovieTracked.swift */; };
		6F8E09F9284408BA0095095E /* AddView.swift in Sources */ = {isa = PBXBuildFile; fileRef = 6F8E09F8284408BA0095095E /* AddView.swift */; };
		6F8E09FB284408C20095095E /* TrackingItems.swift in Sources */ = {isa = PBXBuildFile; fileRef = 6F8E09FA284408C20095095E /* TrackingItems.swift */; };
		6F8E09FD284639F40095095E /* MovieDetails.swift in Sources */ = {isa = PBXBuildFile; fileRef = 6F8E09FC284639F40095095E /* MovieDetails.swift */; };
		6F8E09FF2846AF1B0095095E /* MangaDetails.swift in Sources */ = {isa = PBXBuildFile; fileRef = 6F8E09FE2846AF1B0095095E /* MangaDetails.swift */; };
		6F8E0A012846AF880095095E /* AnimeDetails.swift in Sources */ = {isa = PBXBuildFile; fileRef = 6F8E0A002846AF880095095E /* AnimeDetails.swift */; };
		6F8E0A032846B0630095095E /* BookDetails.swift in Sources */ = {isa = PBXBuildFile; fileRef = 6F8E0A022846B0630095095E /* BookDetails.swift */; };
/* End PBXBuildFile section */

/* Begin PBXContainerItemProxy section */
		6F8E09D0284408530095095E /* PBXContainerItemProxy */ = {
			isa = PBXContainerItemProxy;
			containerPortal = 6F8E09B7284408520095095E /* Project object */;
			proxyType = 1;
			remoteGlobalIDString = 6F8E09BE284408520095095E;
			remoteInfo = OnTrack;
		};
		6F8E09DA284408530095095E /* PBXContainerItemProxy */ = {
			isa = PBXContainerItemProxy;
			containerPortal = 6F8E09B7284408520095095E /* Project object */;
			proxyType = 1;
			remoteGlobalIDString = 6F8E09BE284408520095095E;
			remoteInfo = OnTrack;
		};
/* End PBXContainerItemProxy section */

/* Begin PBXFileReference section */
		6F31D1F82848C10400D0E5A6 /* ImagePicker.swift */ = {isa = PBXFileReference; lastKnownFileType = sourcecode.swift; path = ImagePicker.swift; sourceTree = "<group>"; };
		6F8E09BF284408520095095E /* OnTrack.app */ = {isa = PBXFileReference; explicitFileType = wrapper.application; includeInIndex = 0; path = OnTrack.app; sourceTree = BUILT_PRODUCTS_DIR; };
		6F8E09C2284408520095095E /* OnTrackApp.swift */ = {isa = PBXFileReference; lastKnownFileType = sourcecode.swift; path = OnTrackApp.swift; sourceTree = "<group>"; };
		6F8E09C4284408520095095E /* ContentView.swift */ = {isa = PBXFileReference; lastKnownFileType = sourcecode.swift; path = ContentView.swift; sourceTree = "<group>"; };
		6F8E09C6284408530095095E /* Assets.xcassets */ = {isa = PBXFileReference; lastKnownFileType = folder.assetcatalog; path = Assets.xcassets; sourceTree = "<group>"; };
		6F8E09C9284408530095095E /* Preview Assets.xcassets */ = {isa = PBXFileReference; lastKnownFileType = folder.assetcatalog; path = "Preview Assets.xcassets"; sourceTree = "<group>"; };
		6F8E09CF284408530095095E /* OnTrackTests.xctest */ = {isa = PBXFileReference; explicitFileType = wrapper.cfbundle; includeInIndex = 0; path = OnTrackTests.xctest; sourceTree = BUILT_PRODUCTS_DIR; };
		6F8E09D3284408530095095E /* OnTrackTests.swift */ = {isa = PBXFileReference; lastKnownFileType = sourcecode.swift; path = OnTrackTests.swift; sourceTree = "<group>"; };
		6F8E09D9284408530095095E /* OnTrackUITests.xctest */ = {isa = PBXFileReference; explicitFileType = wrapper.cfbundle; includeInIndex = 0; path = OnTrackUITests.xctest; sourceTree = BUILT_PRODUCTS_DIR; };
		6F8E09DD284408530095095E /* OnTrackUITests.swift */ = {isa = PBXFileReference; lastKnownFileType = sourcecode.swift; path = OnTrackUITests.swift; sourceTree = "<group>"; };
		6F8E09DF284408530095095E /* OnTrackUITestsLaunchTests.swift */ = {isa = PBXFileReference; lastKnownFileType = sourcecode.swift; path = OnTrackUITestsLaunchTests.swift; sourceTree = "<group>"; };
		6F8E09ED284408840095095E /* AnimeTracked.swift */ = {isa = PBXFileReference; fileEncoding = 4; lastKnownFileType = sourcecode.swift; path = AnimeTracked.swift; sourceTree = "<group>"; };
		6F8E09F02844088D0095095E /* BooksTracked.swift */ = {isa = PBXFileReference; fileEncoding = 4; lastKnownFileType = sourcecode.swift; path = BooksTracked.swift; sourceTree = "<group>"; };
		6F8E09F3284408AB0095095E /* MangaTracked.swift */ = {isa = PBXFileReference; fileEncoding = 4; lastKnownFileType = sourcecode.swift; path = MangaTracked.swift; sourceTree = "<group>"; };
		6F8E09F6284408B10095095E /* MovieTracked.swift */ = {isa = PBXFileReference; fileEncoding = 4; lastKnownFileType = sourcecode.swift; path = MovieTracked.swift; sourceTree = "<group>"; };
		6F8E09F8284408BA0095095E /* AddView.swift */ = {isa = PBXFileReference; fileEncoding = 4; lastKnownFileType = sourcecode.swift; path = AddView.swift; sourceTree = "<group>"; };
		6F8E09FA284408C20095095E /* TrackingItems.swift */ = {isa = PBXFileReference; fileEncoding = 4; lastKnownFileType = sourcecode.swift; path = TrackingItems.swift; sourceTree = "<group>"; };
		6F8E09FC284639F40095095E /* MovieDetails.swift */ = {isa = PBXFileReference; lastKnownFileType = sourcecode.swift; path = MovieDetails.swift; sourceTree = "<group>"; };
		6F8E09FE2846AF1B0095095E /* MangaDetails.swift */ = {isa = PBXFileReference; lastKnownFileType = sourcecode.swift; path = MangaDetails.swift; sourceTree = "<group>"; };
		6F8E0A002846AF880095095E /* AnimeDetails.swift */ = {isa = PBXFileReference; lastKnownFileType = sourcecode.swift; path = AnimeDetails.swift; sourceTree = "<group>"; };
		6F8E0A022846B0630095095E /* BookDetails.swift */ = {isa = PBXFileReference; lastKnownFileType = sourcecode.swift; path = BookDetails.swift; sourceTree = "<group>"; };
/* End PBXFileReference section */

/* Begin PBXFrameworksBuildPhase section */
		6F8E09BC284408520095095E /* Frameworks */ = {
			isa = PBXFrameworksBuildPhase;
			buildActionMask = 2147483647;
			files = (
			);
			runOnlyForDeploymentPostprocessing = 0;
		};
		6F8E09CC284408530095095E /* Frameworks */ = {
			isa = PBXFrameworksBuildPhase;
			buildActionMask = 2147483647;
			files = (
			);
			runOnlyForDeploymentPostprocessing = 0;
		};
		6F8E09D6284408530095095E /* Frameworks */ = {
			isa = PBXFrameworksBuildPhase;
			buildActionMask = 2147483647;
			files = (
			);
			runOnlyForDeploymentPostprocessing = 0;
		};
/* End PBXFrameworksBuildPhase section */

/* Begin PBXGroup section */
		6F8E09B6284408520095095E = {
			isa = PBXGroup;
			children = (
				6F8E09C1284408520095095E /* OnTrack */,
				6F8E09D2284408530095095E /* OnTrackTests */,
				6F8E09DC284408530095095E /* OnTrackUITests */,
				6F8E09C0284408520095095E /* Products */,
			);
			sourceTree = "<group>";
		};
		6F8E09C0284408520095095E /* Products */ = {
			isa = PBXGroup;
			children = (
				6F8E09BF284408520095095E /* OnTrack.app */,
				6F8E09CF284408530095095E /* OnTrackTests.xctest */,
				6F8E09D9284408530095095E /* OnTrackUITests.xctest */,
			);
			name = Products;
			sourceTree = "<group>";
		};
		6F8E09C1284408520095095E /* OnTrack */ = {
			isa = PBXGroup;
			children = (
				6F8E09C2284408520095095E /* OnTrackApp.swift */,
				6F8E09C4284408520095095E /* ContentView.swift */,
				6F8E09FA284408C20095095E /* TrackingItems.swift */,
				6F8E09F8284408BA0095095E /* AddView.swift */,
				6F31D1F82848C10400D0E5A6 /* ImagePicker.swift */,
				6F8E09F5284408B10095095E /* Movies */,
				6F8E09F2284408AB0095095E /* Manga */,
				6F8E09EF2844088D0095095E /* Books */,
				6F8E09EC284408840095095E /* Anime */,
				6F8E09C6284408530095095E /* Assets.xcassets */,
				6F8E09C8284408530095095E /* Preview Content */,
			);
			path = OnTrack;
			sourceTree = "<group>";
		};
		6F8E09C8284408530095095E /* Preview Content */ = {
			isa = PBXGroup;
			children = (
				6F8E09C9284408530095095E /* Preview Assets.xcassets */,
			);
			path = "Preview Content";
			sourceTree = "<group>";
		};
		6F8E09D2284408530095095E /* OnTrackTests */ = {
			isa = PBXGroup;
			children = (
				6F8E09D3284408530095095E /* OnTrackTests.swift */,
			);
			path = OnTrackTests;
			sourceTree = "<group>";
		};
		6F8E09DC284408530095095E /* OnTrackUITests */ = {
			isa = PBXGroup;
			children = (
				6F8E09DD284408530095095E /* OnTrackUITests.swift */,
				6F8E09DF284408530095095E /* OnTrackUITestsLaunchTests.swift */,
			);
			path = OnTrackUITests;
			sourceTree = "<group>";
		};
		6F8E09EC284408840095095E /* Anime */ = {
			isa = PBXGroup;
			children = (
				6F8E09ED284408840095095E /* AnimeTracked.swift */,
				6F8E0A002846AF880095095E /* AnimeDetails.swift */,
			);
			path = Anime;
			sourceTree = "<group>";
		};
		6F8E09EF2844088D0095095E /* Books */ = {
			isa = PBXGroup;
			children = (
				6F8E09F02844088D0095095E /* BooksTracked.swift */,
				6F8E0A022846B0630095095E /* BookDetails.swift */,
			);
			path = Books;
			sourceTree = "<group>";
		};
		6F8E09F2284408AB0095095E /* Manga */ = {
			isa = PBXGroup;
			children = (
				6F8E09F3284408AB0095095E /* MangaTracked.swift */,
				6F8E09FE2846AF1B0095095E /* MangaDetails.swift */,
			);
			path = Manga;
			sourceTree = "<group>";
		};
		6F8E09F5284408B10095095E /* Movies */ = {
			isa = PBXGroup;
			children = (
				6F8E09F6284408B10095095E /* MovieTracked.swift */,
				6F8E09FC284639F40095095E /* MovieDetails.swift */,
			);
			path = Movies;
			sourceTree = "<group>";
		};
/* End PBXGroup section */

/* Begin PBXNativeTarget section */
		6F8E09BE284408520095095E /* OnTrack */ = {
			isa = PBXNativeTarget;
			buildConfigurationList = 6F8E09E3284408530095095E /* Build configuration list for PBXNativeTarget "OnTrack" */;
			buildPhases = (
				6F8E09BB284408520095095E /* Sources */,
				6F8E09BC284408520095095E /* Frameworks */,
				6F8E09BD284408520095095E /* Resources */,
			);
			buildRules = (
			);
			dependencies = (
			);
			name = OnTrack;
			productName = OnTrack;
			productReference = 6F8E09BF284408520095095E /* OnTrack.app */;
			productType = "com.apple.product-type.application";
		};
		6F8E09CE284408530095095E /* OnTrackTests */ = {
			isa = PBXNativeTarget;
			buildConfigurationList = 6F8E09E6284408530095095E /* Build configuration list for PBXNativeTarget "OnTrackTests" */;
			buildPhases = (
				6F8E09CB284408530095095E /* Sources */,
				6F8E09CC284408530095095E /* Frameworks */,
				6F8E09CD284408530095095E /* Resources */,
			);
			buildRules = (
			);
			dependencies = (
				6F8E09D1284408530095095E /* PBXTargetDependency */,
			);
			name = OnTrackTests;
			productName = OnTrackTests;
			productReference = 6F8E09CF284408530095095E /* OnTrackTests.xctest */;
			productType = "com.apple.product-type.bundle.unit-test";
		};
		6F8E09D8284408530095095E /* OnTrackUITests */ = {
			isa = PBXNativeTarget;
			buildConfigurationList = 6F8E09E9284408530095095E /* Build configuration list for PBXNativeTarget "OnTrackUITests" */;
			buildPhases = (
				6F8E09D5284408530095095E /* Sources */,
				6F8E09D6284408530095095E /* Frameworks */,
				6F8E09D7284408530095095E /* Resources */,
			);
			buildRules = (
			);
			dependencies = (
				6F8E09DB284408530095095E /* PBXTargetDependency */,
			);
			name = OnTrackUITests;
			productName = OnTrackUITests;
			productReference = 6F8E09D9284408530095095E /* OnTrackUITests.xctest */;
			productType = "com.apple.product-type.bundle.ui-testing";
		};
/* End PBXNativeTarget section */

/* Begin PBXProject section */
		6F8E09B7284408520095095E /* Project object */ = {
			isa = PBXProject;
			attributes = {
				BuildIndependentTargetsInParallel = 1;
				LastSwiftUpdateCheck = 1320;
				LastUpgradeCheck = 1320;
				TargetAttributes = {
					6F8E09BE284408520095095E = {
						CreatedOnToolsVersion = 13.2.1;
					};
					6F8E09CE284408530095095E = {
						CreatedOnToolsVersion = 13.2.1;
						TestTargetID = 6F8E09BE284408520095095E;
					};
					6F8E09D8284408530095095E = {
						CreatedOnToolsVersion = 13.2.1;
						TestTargetID = 6F8E09BE284408520095095E;
					};
				};
			};
			buildConfigurationList = 6F8E09BA284408520095095E /* Build configuration list for PBXProject "OnTrack" */;
			compatibilityVersion = "Xcode 13.0";
			developmentRegion = en;
			hasScannedForEncodings = 0;
			knownRegions = (
				en,
				Base,
			);
			mainGroup = 6F8E09B6284408520095095E;
			productRefGroup = 6F8E09C0284408520095095E /* Products */;
			projectDirPath = "";
			projectRoot = "";
			targets = (
				6F8E09BE284408520095095E /* OnTrack */,
				6F8E09CE284408530095095E /* OnTrackTests */,
				6F8E09D8284408530095095E /* OnTrackUITests */,
			);
		};
/* End PBXProject section */

/* Begin PBXResourcesBuildPhase section */
		6F8E09BD284408520095095E /* Resources */ = {
			isa = PBXResourcesBuildPhase;
			buildActionMask = 2147483647;
			files = (
				6F8E09CA284408530095095E /* Preview Assets.xcassets in Resources */,
				6F8E09C7284408530095095E /* Assets.xcassets in Resources */,
			);
			runOnlyForDeploymentPostprocessing = 0;
		};
		6F8E09CD284408530095095E /* Resources */ = {
			isa = PBXResourcesBuildPhase;
			buildActionMask = 2147483647;
			files = (
			);
			runOnlyForDeploymentPostprocessing = 0;
		};
		6F8E09D7284408530095095E /* Resources */ = {
			isa = PBXResourcesBuildPhase;
			buildActionMask = 2147483647;
			files = (
			);
			runOnlyForDeploymentPostprocessing = 0;
		};
/* End PBXResourcesBuildPhase section */

/* Begin PBXSourcesBuildPhase section */
		6F8E09BB284408520095095E /* Sources */ = {
			isa = PBXSourcesBuildPhase;
			buildActionMask = 2147483647;
			files = (
				6F31D1F92848C10400D0E5A6 /* ImagePicker.swift in Sources */,
				6F8E09F9284408BA0095095E /* AddView.swift in Sources */,
				6F8E09C5284408520095095E /* ContentView.swift in Sources */,
				6F8E09F12844088D0095095E /* BooksTracked.swift in Sources */,
				6F8E09FF2846AF1B0095095E /* MangaDetails.swift in Sources */,
				6F8E09FB284408C20095095E /* TrackingItems.swift in Sources */,
				6F8E0A032846B0630095095E /* BookDetails.swift in Sources */,
				6F8E09EE284408840095095E /* AnimeTracked.swift in Sources */,
				6F8E09F7284408B10095095E /* MovieTracked.swift in Sources */,
				6F8E09F4284408AB0095095E /* MangaTracked.swift in Sources */,
				6F8E0A012846AF880095095E /* AnimeDetails.swift in Sources */,
				6F8E09C3284408520095095E /* OnTrackApp.swift in Sources */,
				6F8E09FD284639F40095095E /* MovieDetails.swift in Sources */,
			);
			runOnlyForDeploymentPostprocessing = 0;
		};
		6F8E09CB284408530095095E /* Sources */ = {
			isa = PBXSourcesBuildPhase;
			buildActionMask = 2147483647;
			files = (
				6F8E09D4284408530095095E /* OnTrackTests.swift in Sources */,
			);
			runOnlyForDeploymentPostprocessing = 0;
		};
		6F8E09D5284408530095095E /* Sources */ = {
			isa = PBXSourcesBuildPhase;
			buildActionMask = 2147483647;
			files = (
				6F8E09DE284408530095095E /* OnTrackUITests.swift in Sources */,
				6F8E09E0284408530095095E /* OnTrackUITestsLaunchTests.swift in Sources */,
			);
			runOnlyForDeploymentPostprocessing = 0;
		};
/* End PBXSourcesBuildPhase section */

/* Begin PBXTargetDependency section */
		6F8E09D1284408530095095E /* PBXTargetDependency */ = {
			isa = PBXTargetDependency;
			target = 6F8E09BE284408520095095E /* OnTrack */;
			targetProxy = 6F8E09D0284408530095095E /* PBXContainerItemProxy */;
		};
		6F8E09DB284408530095095E /* PBXTargetDependency */ = {
			isa = PBXTargetDependency;
			target = 6F8E09BE284408520095095E /* OnTrack */;
			targetProxy = 6F8E09DA284408530095095E /* PBXContainerItemProxy */;
		};
/* End PBXTargetDependency section */

/* Begin XCBuildConfiguration section */
		6F8E09E1284408530095095E /* Debug */ = {
			isa = XCBuildConfiguration;
			buildSettings = {
				ALWAYS_SEARCH_USER_PATHS = NO;
				CLANG_ANALYZER_NONNULL = YES;
				CLANG_ANALYZER_NUMBER_OBJECT_CONVERSION = YES_AGGRESSIVE;
				CLANG_CXX_LANGUAGE_STANDARD = "gnu++17";
				CLANG_CXX_LIBRARY = "libc++";
				CLANG_ENABLE_MODULES = YES;
				CLANG_ENABLE_OBJC_ARC = YES;
				CLANG_ENABLE_OBJC_WEAK = YES;
				CLANG_WARN_BLOCK_CAPTURE_AUTORELEASING = YES;
				CLANG_WARN_BOOL_CONVERSION = YES;
				CLANG_WARN_COMMA = YES;
				CLANG_WARN_CONSTANT_CONVERSION = YES;
				CLANG_WARN_DEPRECATED_OBJC_IMPLEMENTATIONS = YES;
				CLANG_WARN_DIRECT_OBJC_ISA_USAGE = YES_ERROR;
				CLANG_WARN_DOCUMENTATION_COMMENTS = YES;
				CLANG_WARN_EMPTY_BODY = YES;
				CLANG_WARN_ENUM_CONVERSION = YES;
				CLANG_WARN_INFINITE_RECURSION = YES;
				CLANG_WARN_INT_CONVERSION = YES;
				CLANG_WARN_NON_LITERAL_NULL_CONVERSION = YES;
				CLANG_WARN_OBJC_IMPLICIT_RETAIN_SELF = YES;
				CLANG_WARN_OBJC_LITERAL_CONVERSION = YES;
				CLANG_WARN_OBJC_ROOT_CLASS = YES_ERROR;
				CLANG_WARN_QUOTED_INCLUDE_IN_FRAMEWORK_HEADER = YES;
				CLANG_WARN_RANGE_LOOP_ANALYSIS = YES;
				CLANG_WARN_STRICT_PROTOTYPES = YES;
				CLANG_WARN_SUSPICIOUS_MOVE = YES;
				CLANG_WARN_UNGUARDED_AVAILABILITY = YES_AGGRESSIVE;
				CLANG_WARN_UNREACHABLE_CODE = YES;
				CLANG_WARN__DUPLICATE_METHOD_MATCH = YES;
				COPY_PHASE_STRIP = NO;
				DEBUG_INFORMATION_FORMAT = dwarf;
				ENABLE_STRICT_OBJC_MSGSEND = YES;
				ENABLE_TESTABILITY = YES;
				GCC_C_LANGUAGE_STANDARD = gnu11;
				GCC_DYNAMIC_NO_PIC = NO;
				GCC_NO_COMMON_BLOCKS = YES;
				GCC_OPTIMIZATION_LEVEL = 0;
				GCC_PREPROCESSOR_DEFINITIONS = (
					"DEBUG=1",
					"$(inherited)",
				);
				GCC_WARN_64_TO_32_BIT_CONVERSION = YES;
				GCC_WARN_ABOUT_RETURN_TYPE = YES_ERROR;
				GCC_WARN_UNDECLARED_SELECTOR = YES;
				GCC_WARN_UNINITIALIZED_AUTOS = YES_AGGRESSIVE;
				GCC_WARN_UNUSED_FUNCTION = YES;
				GCC_WARN_UNUSED_VARIABLE = YES;
				IPHONEOS_DEPLOYMENT_TARGET = 15.2;
				MTL_ENABLE_DEBUG_INFO = INCLUDE_SOURCE;
				MTL_FAST_MATH = YES;
				ONLY_ACTIVE_ARCH = YES;
				SDKROOT = iphoneos;
				SWIFT_ACTIVE_COMPILATION_CONDITIONS = DEBUG;
				SWIFT_OPTIMIZATION_LEVEL = "-Onone";
			};
			name = Debug;
		};
		6F8E09E2284408530095095E /* Release */ = {
			isa = XCBuildConfiguration;
			buildSettings = {
				ALWAYS_SEARCH_USER_PATHS = NO;
				CLANG_ANALYZER_NONNULL = YES;
				CLANG_ANALYZER_NUMBER_OBJECT_CONVERSION = YES_AGGRESSIVE;
				CLANG_CXX_LANGUAGE_STANDARD = "gnu++17";
				CLANG_CXX_LIBRARY = "libc++";
				CLANG_ENABLE_MODULES = YES;
				CLANG_ENABLE_OBJC_ARC = YES;
				CLANG_ENABLE_OBJC_WEAK = YES;
				CLANG_WARN_BLOCK_CAPTURE_AUTORELEASING = YES;
				CLANG_WARN_BOOL_CONVERSION = YES;
				CLANG_WARN_COMMA = YES;
				CLANG_WARN_CONSTANT_CONVERSION = YES;
				CLANG_WARN_DEPRECATED_OBJC_IMPLEMENTATIONS = YES;
				CLANG_WARN_DIRECT_OBJC_ISA_USAGE = YES_ERROR;
				CLANG_WARN_DOCUMENTATION_COMMENTS = YES;
				CLANG_WARN_EMPTY_BODY = YES;
				CLANG_WARN_ENUM_CONVERSION = YES;
				CLANG_WARN_INFINITE_RECURSION = YES;
				CLANG_WARN_INT_CONVERSION = YES;
				CLANG_WARN_NON_LITERAL_NULL_CONVERSION = YES;
				CLANG_WARN_OBJC_IMPLICIT_RETAIN_SELF = YES;
				CLANG_WARN_OBJC_LITERAL_CONVERSION = YES;
				CLANG_WARN_OBJC_ROOT_CLASS = YES_ERROR;
				CLANG_WARN_QUOTED_INCLUDE_IN_FRAMEWORK_HEADER = YES;
				CLANG_WARN_RANGE_LOOP_ANALYSIS = YES;
				CLANG_WARN_STRICT_PROTOTYPES = YES;
				CLANG_WARN_SUSPICIOUS_MOVE = YES;
				CLANG_WARN_UNGUARDED_AVAILABILITY = YES_AGGRESSIVE;
				CLANG_WARN_UNREACHABLE_CODE = YES;
				CLANG_WARN__DUPLICATE_METHOD_MATCH = YES;
				COPY_PHASE_STRIP = NO;
				DEBUG_INFORMATION_FORMAT = "dwarf-with-dsym";
				ENABLE_NS_ASSERTIONS = NO;
				ENABLE_STRICT_OBJC_MSGSEND = YES;
				GCC_C_LANGUAGE_STANDARD = gnu11;
				GCC_NO_COMMON_BLOCKS = YES;
				GCC_WARN_64_TO_32_BIT_CONVERSION = YES;
				GCC_WARN_ABOUT_RETURN_TYPE = YES_ERROR;
				GCC_WARN_UNDECLARED_SELECTOR = YES;
				GCC_WARN_UNINITIALIZED_AUTOS = YES_AGGRESSIVE;
				GCC_WARN_UNUSED_FUNCTION = YES;
				GCC_WARN_UNUSED_VARIABLE = YES;
				IPHONEOS_DEPLOYMENT_TARGET = 15.2;
				MTL_ENABLE_DEBUG_INFO = NO;
				MTL_FAST_MATH = YES;
				SDKROOT = iphoneos;
				SWIFT_COMPILATION_MODE = wholemodule;
				SWIFT_OPTIMIZATION_LEVEL = "-O";
				VALIDATE_PRODUCT = YES;
			};
			name = Release;
		};
		6F8E09E4284408530095095E /* Debug */ = {
			isa = XCBuildConfiguration;
			buildSettings = {
				ASSETCATALOG_COMPILER_APPICON_NAME = AppIcon;
				ASSETCATALOG_COMPILER_GLOBAL_ACCENT_COLOR_NAME = AccentColor;
				CODE_SIGN_STYLE = Automatic;
				CURRENT_PROJECT_VERSION = 1;
				DEVELOPMENT_ASSET_PATHS = "\"OnTrack/Preview Content\"";
				DEVELOPMENT_TEAM = Q3BWML7R33;
				ENABLE_PREVIEWS = YES;
				GENERATE_INFOPLIST_FILE = YES;
				INFOPLIST_KEY_UIApplicationSceneManifest_Generation = YES;
				INFOPLIST_KEY_UIApplicationSupportsIndirectInputEvents = YES;
				INFOPLIST_KEY_UILaunchScreen_Generation = YES;
				INFOPLIST_KEY_UISupportedInterfaceOrientations_iPad = "UIInterfaceOrientationPortrait UIInterfaceOrientationPortraitUpsideDown UIInterfaceOrientationLandscapeLeft UIInterfaceOrientationLandscapeRight";
				INFOPLIST_KEY_UISupportedInterfaceOrientations_iPhone = "UIInterfaceOrientationPortrait UIInterfaceOrientationLandscapeLeft UIInterfaceOrientationLandscapeRight";
				LD_RUNPATH_SEARCH_PATHS = (
					"$(inherited)",
					"@executable_path/Frameworks",
				);
				MARKETING_VERSION = 1.0;
				PRODUCT_BUNDLE_IDENTIFIER = com.aarish.OnTrack;
				PRODUCT_NAME = "$(TARGET_NAME)";
				SWIFT_EMIT_LOC_STRINGS = YES;
				SWIFT_VERSION = 5.0;
				TARGETED_DEVICE_FAMILY = "1,2";
			};
			name = Debug;
		};
		6F8E09E5284408530095095E /* Release */ = {
			isa = XCBuildConfiguration;
			buildSettings = {
				ASSETCATALOG_COMPILER_APPICON_NAME = AppIcon;
				ASSETCATALOG_COMPILER_GLOBAL_ACCENT_COLOR_NAME = AccentColor;
				CODE_SIGN_STYLE = Automatic;
				CURRENT_PROJECT_VERSION = 1;
				DEVELOPMENT_ASSET_PATHS = "\"OnTrack/Preview Content\"";
				DEVELOPMENT_TEAM = Q3BWML7R33;
				ENABLE_PREVIEWS = YES;
				GENERATE_INFOPLIST_FILE = YES;
				INFOPLIST_KEY_UIApplicationSceneManifest_Generation = YES;
				INFOPLIST_KEY_UIApplicationSupportsIndirectInputEvents = YES;
				INFOPLIST_KEY_UILaunchScreen_Generation = YES;
				INFOPLIST_KEY_UISupportedInterfaceOrientations_iPad = "UIInterfaceOrientationPortrait UIInterfaceOrientationPortraitUpsideDown UIInterfaceOrientationLandscapeLeft UIInterfaceOrientationLandscapeRight";
				INFOPLIST_KEY_UISupportedInterfaceOrientations_iPhone = "UIInterfaceOrientationPortrait UIInterfaceOrientationLandscapeLeft UIInterfaceOrientationLandscapeRight";
				LD_RUNPATH_SEARCH_PATHS = (
					"$(inherited)",
					"@executable_path/Frameworks",
				);
				MARKETING_VERSION = 1.0;
				PRODUCT_BUNDLE_IDENTIFIER = com.aarish.OnTrack;
				PRODUCT_NAME = "$(TARGET_NAME)";
				SWIFT_EMIT_LOC_STRINGS = YES;
				SWIFT_VERSION = 5.0;
				TARGETED_DEVICE_FAMILY = "1,2";
			};
			name = Release;
		};
		6F8E09E7284408530095095E /* Debug */ = {
			isa = XCBuildConfiguration;
			buildSettings = {
				ALWAYS_EMBED_SWIFT_STANDARD_LIBRARIES = YES;
				BUNDLE_LOADER = "$(TEST_HOST)";
				CODE_SIGN_STYLE = Automatic;
				CURRENT_PROJECT_VERSION = 1;
				DEVELOPMENT_TEAM = J8S9X52T32;
				GENERATE_INFOPLIST_FILE = YES;
				IPHONEOS_DEPLOYMENT_TARGET = 15.2;
				MARKETING_VERSION = 1.0;
				PRODUCT_BUNDLE_IDENTIFIER = com.aarish.OnTrackTests;
				PRODUCT_NAME = "$(TARGET_NAME)";
				SWIFT_EMIT_LOC_STRINGS = NO;
				SWIFT_VERSION = 5.0;
				TARGETED_DEVICE_FAMILY = "1,2";
				TEST_HOST = "$(BUILT_PRODUCTS_DIR)/OnTrack.app/OnTrack";
			};
			name = Debug;
		};
		6F8E09E8284408530095095E /* Release */ = {
			isa = XCBuildConfiguration;
			buildSettings = {
				ALWAYS_EMBED_SWIFT_STANDARD_LIBRARIES = YES;
				BUNDLE_LOADER = "$(TEST_HOST)";
				CODE_SIGN_STYLE = Automatic;
				CURRENT_PROJECT_VERSION = 1;
				DEVELOPMENT_TEAM = J8S9X52T32;
				GENERATE_INFOPLIST_FILE = YES;
				IPHONEOS_DEPLOYMENT_TARGET = 15.2;
				MARKETING_VERSION = 1.0;
				PRODUCT_BUNDLE_IDENTIFIER = com.aarish.OnTrackTests;
				PRODUCT_NAME = "$(TARGET_NAME)";
				SWIFT_EMIT_LOC_STRINGS = NO;
				SWIFT_VERSION = 5.0;
				TARGETED_DEVICE_FAMILY = "1,2";
				TEST_HOST = "$(BUILT_PRODUCTS_DIR)/OnTrack.app/OnTrack";
			};
			name = Release;
		};
		6F8E09EA284408530095095E /* Debug */ = {
			isa = XCBuildConfiguration;
			buildSettings = {
				ALWAYS_EMBED_SWIFT_STANDARD_LIBRARIES = YES;
				CODE_SIGN_STYLE = Automatic;
				CURRENT_PROJECT_VERSION = 1;
				DEVELOPMENT_TEAM = J8S9X52T32;
				GENERATE_INFOPLIST_FILE = YES;
				MARKETING_VERSION = 1.0;
				PRODUCT_BUNDLE_IDENTIFIER = com.aarish.OnTrackUITests;
				PRODUCT_NAME = "$(TARGET_NAME)";
				SWIFT_EMIT_LOC_STRINGS = NO;
				SWIFT_VERSION = 5.0;
				TARGETED_DEVICE_FAMILY = "1,2";
				TEST_TARGET_NAME = OnTrack;
			};
			name = Debug;
		};
		6F8E09EB284408530095095E /* Release */ = {
			isa = XCBuildConfiguration;
			buildSettings = {
				ALWAYS_EMBED_SWIFT_STANDARD_LIBRARIES = YES;
				CODE_SIGN_STYLE = Automatic;
				CURRENT_PROJECT_VERSION = 1;
				DEVELOPMENT_TEAM = J8S9X52T32;
				GENERATE_INFOPLIST_FILE = YES;
				MARKETING_VERSION = 1.0;
				PRODUCT_BUNDLE_IDENTIFIER = com.aarish.OnTrackUITests;
				PRODUCT_NAME = "$(TARGET_NAME)";
				SWIFT_EMIT_LOC_STRINGS = NO;
				SWIFT_VERSION = 5.0;
				TARGETED_DEVICE_FAMILY = "1,2";
				TEST_TARGET_NAME = OnTrack;
			};
			name = Release;
		};
/* End XCBuildConfiguration section */

/* Begin XCConfigurationList section */
		6F8E09BA284408520095095E /* Build configuration list for PBXProject "OnTrack" */ = {
			isa = XCConfigurationList;
			buildConfigurations = (
				6F8E09E1284408530095095E /* Debug */,
				6F8E09E2284408530095095E /* Release */,
			);
			defaultConfigurationIsVisible = 0;
			defaultConfigurationName = Release;
		};
		6F8E09E3284408530095095E /* Build configuration list for PBXNativeTarget "OnTrack" */ = {
			isa = XCConfigurationList;
			buildConfigurations = (
				6F8E09E4284408530095095E /* Debug */,
				6F8E09E5284408530095095E /* Release */,
			);
			defaultConfigurationIsVisible = 0;
			defaultConfigurationName = Release;
		};
		6F8E09E6284408530095095E /* Build configuration list for PBXNativeTarget "OnTrackTests" */ = {
			isa = XCConfigurationList;
			buildConfigurations = (
				6F8E09E7284408530095095E /* Debug */,
				6F8E09E8284408530095095E /* Release */,
			);
			defaultConfigurationIsVisible = 0;
			defaultConfigurationName = Release;
		};
		6F8E09E9284408530095095E /* Build configuration list for PBXNativeTarget "OnTrackUITests" */ = {
			isa = XCConfigurationList;
			buildConfigurations = (
				6F8E09EA284408530095095E /* Debug */,
				6F8E09EB284408530095095E /* Release */,
			);
			defaultConfigurationIsVisible = 0;
			defaultConfigurationName = Release;
		};
/* End XCConfigurationList section */
	};
	rootObject = 6F8E09B7284408520095095E /* Project object */;
}
