// !$*UTF8*$!
{
	archiveVersion = 1;
	classes = {
	};
	objectVersion = 55;
	objects = {

/* Begin PBXBuildFile section */
		6FD9651B28B3555300D04437 /* AppDelegate.swift in Sources */ = {isa = PBXBuildFile; fileRef = 6FD9651A28B3555300D04437 /* AppDelegate.swift */; };
		6FD9651D28B3555300D04437 /* SceneDelegate.swift in Sources */ = {isa = PBXBuildFile; fileRef = 6FD9651C28B3555300D04437 /* SceneDelegate.swift */; };
		6FD9652228B3555300D04437 /* Main.storyboard in Resources */ = {isa = PBXBuildFile; fileRef = 6FD9652028B3555300D04437 /* Main.storyboard */; };
		6FD9652428B3555500D04437 /* Assets.xcassets in Resources */ = {isa = PBXBuildFile; fileRef = 6FD9652328B3555500D04437 /* Assets.xcassets */; };
		6FD9652728B3555500D04437 /* LaunchScreen.storyboard in Resources */ = {isa = PBXBuildFile; fileRef = 6FD9652528B3555500D04437 /* LaunchScreen.storyboard */; };
		6FD9653228B3555500D04437 /* Solar_SystemTests.swift in Sources */ = {isa = PBXBuildFile; fileRef = 6FD9653128B3555500D04437 /* Solar_SystemTests.swift */; };
		6FD9653C28B3555500D04437 /* Solar_SystemUITests.swift in Sources */ = {isa = PBXBuildFile; fileRef = 6FD9653B28B3555500D04437 /* Solar_SystemUITests.swift */; };
		6FD9653E28B3555500D04437 /* Solar_SystemUITestsLaunchTests.swift in Sources */ = {isa = PBXBuildFile; fileRef = 6FD9653D28B3555500D04437 /* Solar_SystemUITestsLaunchTests.swift */; };
		6FD9654C28B3556B00D04437 /* Planet.swift in Sources */ = {isa = PBXBuildFile; fileRef = 6FD9654A28B3556B00D04437 /* Planet.swift */; };
		6FD9654D28B3556B00D04437 /* Planet+Info.swift in Sources */ = {isa = PBXBuildFile; fileRef = 6FD9654B28B3556B00D04437 /* Planet+Info.swift */; };
		6FD9654F28B3557700D04437 /* SceneVC.swift in Sources */ = {isa = PBXBuildFile; fileRef = 6FD9654E28B3557700D04437 /* SceneVC.swift */; };
		6FD9655128B3558700D04437 /* scenes.scnassets in Resources */ = {isa = PBXBuildFile; fileRef = 6FD9655028B3558700D04437 /* scenes.scnassets */; };
/* End PBXBuildFile section */

/* Begin PBXContainerItemProxy section */
		6FD9652E28B3555500D04437 /* PBXContainerItemProxy */ = {
			isa = PBXContainerItemProxy;
			containerPortal = 6FD9650F28B3555300D04437 /* Project object */;
			proxyType = 1;
			remoteGlobalIDString = 6FD9651628B3555300D04437;
			remoteInfo = "Solar System";
		};
		6FD9653828B3555500D04437 /* PBXContainerItemProxy */ = {
			isa = PBXContainerItemProxy;
			containerPortal = 6FD9650F28B3555300D04437 /* Project object */;
			proxyType = 1;
			remoteGlobalIDString = 6FD9651628B3555300D04437;
			remoteInfo = "Solar System";
		};
/* End PBXContainerItemProxy section */

/* Begin PBXFileReference section */
		6FD9651728B3555300D04437 /* Solar System.app */ = {isa = PBXFileReference; explicitFileType = wrapper.application; includeInIndex = 0; path = "Solar System.app"; sourceTree = BUILT_PRODUCTS_DIR; };
		6FD9651A28B3555300D04437 /* AppDelegate.swift */ = {isa = PBXFileReference; lastKnownFileType = sourcecode.swift; path = AppDelegate.swift; sourceTree = "<group>"; };
		6FD9651C28B3555300D04437 /* SceneDelegate.swift */ = {isa = PBXFileReference; lastKnownFileType = sourcecode.swift; path = SceneDelegate.swift; sourceTree = "<group>"; };
		6FD9652128B3555300D04437 /* Base */ = {isa = PBXFileReference; lastKnownFileType = file.storyboard; name = Base; path = Base.lproj/Main.storyboard; sourceTree = "<group>"; };
		6FD9652328B3555500D04437 /* Assets.xcassets */ = {isa = PBXFileReference; lastKnownFileType = folder.assetcatalog; path = Assets.xcassets; sourceTree = "<group>"; };
		6FD9652628B3555500D04437 /* Base */ = {isa = PBXFileReference; lastKnownFileType = file.storyboard; name = Base; path = Base.lproj/LaunchScreen.storyboard; sourceTree = "<group>"; };
		6FD9652828B3555500D04437 /* Info.plist */ = {isa = PBXFileReference; lastKnownFileType = text.plist.xml; path = Info.plist; sourceTree = "<group>"; };
		6FD9652D28B3555500D04437 /* Solar SystemTests.xctest */ = {isa = PBXFileReference; explicitFileType = wrapper.cfbundle; includeInIndex = 0; path = "Solar SystemTests.xctest"; sourceTree = BUILT_PRODUCTS_DIR; };
		6FD9653128B3555500D04437 /* Solar_SystemTests.swift */ = {isa = PBXFileReference; lastKnownFileType = sourcecode.swift; path = Solar_SystemTests.swift; sourceTree = "<group>"; };
		6FD9653728B3555500D04437 /* Solar SystemUITests.xctest */ = {isa = PBXFileReference; explicitFileType = wrapper.cfbundle; includeInIndex = 0; path = "Solar SystemUITests.xctest"; sourceTree = BUILT_PRODUCTS_DIR; };
		6FD9653B28B3555500D04437 /* Solar_SystemUITests.swift */ = {isa = PBXFileReference; lastKnownFileType = sourcecode.swift; path = Solar_SystemUITests.swift; sourceTree = "<group>"; };
		6FD9653D28B3555500D04437 /* Solar_SystemUITestsLaunchTests.swift */ = {isa = PBXFileReference; lastKnownFileType = sourcecode.swift; path = Solar_SystemUITestsLaunchTests.swift; sourceTree = "<group>"; };
		6FD9654A28B3556B00D04437 /* Planet.swift */ = {isa = PBXFileReference; fileEncoding = 4; lastKnownFileType = sourcecode.swift; path = Planet.swift; sourceTree = "<group>"; };
		6FD9654B28B3556B00D04437 /* Planet+Info.swift */ = {isa = PBXFileReference; fileEncoding = 4; lastKnownFileType = sourcecode.swift; path = "Planet+Info.swift"; sourceTree = "<group>"; };
		6FD9654E28B3557700D04437 /* SceneVC.swift */ = {isa = PBXFileReference; fileEncoding = 4; lastKnownFileType = sourcecode.swift; path = SceneVC.swift; sourceTree = "<group>"; };
		6FD9655028B3558700D04437 /* scenes.scnassets */ = {isa = PBXFileReference; lastKnownFileType = wrapper.scnassets; path = scenes.scnassets; sourceTree = "<group>"; };
/* End PBXFileReference section */

/* Begin PBXFrameworksBuildPhase section */
		6FD9651428B3555300D04437 /* Frameworks */ = {
			isa = PBXFrameworksBuildPhase;
			buildActionMask = 2147483647;
			files = (
			);
			runOnlyForDeploymentPostprocessing = 0;
		};
		6FD9652A28B3555500D04437 /* Frameworks */ = {
			isa = PBXFrameworksBuildPhase;
			buildActionMask = 2147483647;
			files = (
			);
			runOnlyForDeploymentPostprocessing = 0;
		};
		6FD9653428B3555500D04437 /* Frameworks */ = {
			isa = PBXFrameworksBuildPhase;
			buildActionMask = 2147483647;
			files = (
			);
			runOnlyForDeploymentPostprocessing = 0;
		};
/* End PBXFrameworksBuildPhase section */

/* Begin PBXGroup section */
		6FD9650E28B3555300D04437 = {
			isa = PBXGroup;
			children = (
				6FD9651928B3555300D04437 /* Solar System */,
				6FD9653028B3555500D04437 /* Solar SystemTests */,
				6FD9653A28B3555500D04437 /* Solar SystemUITests */,
				6FD9651828B3555300D04437 /* Products */,
			);
			sourceTree = "<group>";
		};
		6FD9651828B3555300D04437 /* Products */ = {
			isa = PBXGroup;
			children = (
				6FD9651728B3555300D04437 /* Solar System.app */,
				6FD9652D28B3555500D04437 /* Solar SystemTests.xctest */,
				6FD9653728B3555500D04437 /* Solar SystemUITests.xctest */,
			);
			name = Products;
			sourceTree = "<group>";
		};
		6FD9651928B3555300D04437 /* Solar System */ = {
			isa = PBXGroup;
			children = (
				6FD9651A28B3555300D04437 /* AppDelegate.swift */,
				6FD9651C28B3555300D04437 /* SceneDelegate.swift */,
				6FD9654A28B3556B00D04437 /* Planet.swift */,
				6FD9654E28B3557700D04437 /* SceneVC.swift */,
				6FD9654B28B3556B00D04437 /* Planet+Info.swift */,
				6FD9655028B3558700D04437 /* scenes.scnassets */,
				6FD9652028B3555300D04437 /* Main.storyboard */,
				6FD9652328B3555500D04437 /* Assets.xcassets */,
				6FD9652528B3555500D04437 /* LaunchScreen.storyboard */,
				6FD9652828B3555500D04437 /* Info.plist */,
			);
			path = "Solar System";
			sourceTree = "<group>";
		};
		6FD9653028B3555500D04437 /* Solar SystemTests */ = {
			isa = PBXGroup;
			children = (
				6FD9653128B3555500D04437 /* Solar_SystemTests.swift */,
			);
			path = "Solar SystemTests";
			sourceTree = "<group>";
		};
		6FD9653A28B3555500D04437 /* Solar SystemUITests */ = {
			isa = PBXGroup;
			children = (
				6FD9653B28B3555500D04437 /* Solar_SystemUITests.swift */,
				6FD9653D28B3555500D04437 /* Solar_SystemUITestsLaunchTests.swift */,
			);
			path = "Solar SystemUITests";
			sourceTree = "<group>";
		};
/* End PBXGroup section */

/* Begin PBXNativeTarget section */
		6FD9651628B3555300D04437 /* Solar System */ = {
			isa = PBXNativeTarget;
			buildConfigurationList = 6FD9654128B3555500D04437 /* Build configuration list for PBXNativeTarget "Solar System" */;
			buildPhases = (
				6FD9651328B3555300D04437 /* Sources */,
				6FD9651428B3555300D04437 /* Frameworks */,
				6FD9651528B3555300D04437 /* Resources */,
			);
			buildRules = (
			);
			dependencies = (
			);
			name = "Solar System";
			productName = "Solar System";
			productReference = 6FD9651728B3555300D04437 /* Solar System.app */;
			productType = "com.apple.product-type.application";
		};
		6FD9652C28B3555500D04437 /* Solar SystemTests */ = {
			isa = PBXNativeTarget;
			buildConfigurationList = 6FD9654428B3555500D04437 /* Build configuration list for PBXNativeTarget "Solar SystemTests" */;
			buildPhases = (
				6FD9652928B3555500D04437 /* Sources */,
				6FD9652A28B3555500D04437 /* Frameworks */,
				6FD9652B28B3555500D04437 /* Resources */,
			);
			buildRules = (
			);
			dependencies = (
				6FD9652F28B3555500D04437 /* PBXTargetDependency */,
			);
			name = "Solar SystemTests";
			productName = "Solar SystemTests";
			productReference = 6FD9652D28B3555500D04437 /* Solar SystemTests.xctest */;
			productType = "com.apple.product-type.bundle.unit-test";
		};
		6FD9653628B3555500D04437 /* Solar SystemUITests */ = {
			isa = PBXNativeTarget;
			buildConfigurationList = 6FD9654728B3555500D04437 /* Build configuration list for PBXNativeTarget "Solar SystemUITests" */;
			buildPhases = (
				6FD9653328B3555500D04437 /* Sources */,
				6FD9653428B3555500D04437 /* Frameworks */,
				6FD9653528B3555500D04437 /* Resources */,
			);
			buildRules = (
			);
			dependencies = (
				6FD9653928B3555500D04437 /* PBXTargetDependency */,
			);
			name = "Solar SystemUITests";
			productName = "Solar SystemUITests";
			productReference = 6FD9653728B3555500D04437 /* Solar SystemUITests.xctest */;
			productType = "com.apple.product-type.bundle.ui-testing";
		};
/* End PBXNativeTarget section */

/* Begin PBXProject section */
		6FD9650F28B3555300D04437 /* Project object */ = {
			isa = PBXProject;
			attributes = {
				BuildIndependentTargetsInParallel = 1;
				LastSwiftUpdateCheck = 1320;
				LastUpgradeCheck = 1320;
				TargetAttributes = {
					6FD9651628B3555300D04437 = {
						CreatedOnToolsVersion = 13.2.1;
					};
					6FD9652C28B3555500D04437 = {
						CreatedOnToolsVersion = 13.2.1;
						TestTargetID = 6FD9651628B3555300D04437;
					};
					6FD9653628B3555500D04437 = {
						CreatedOnToolsVersion = 13.2.1;
						TestTargetID = 6FD9651628B3555300D04437;
					};
				};
			};
			buildConfigurationList = 6FD9651228B3555300D04437 /* Build configuration list for PBXProject "Solar System" */;
			compatibilityVersion = "Xcode 13.0";
			developmentRegion = en;
			hasScannedForEncodings = 0;
			knownRegions = (
				en,
				Base,
			);
			mainGroup = 6FD9650E28B3555300D04437;
			productRefGroup = 6FD9651828B3555300D04437 /* Products */;
			projectDirPath = "";
			projectRoot = "";
			targets = (
				6FD9651628B3555300D04437 /* Solar System */,
				6FD9652C28B3555500D04437 /* Solar SystemTests */,
				6FD9653628B3555500D04437 /* Solar SystemUITests */,
			);
		};
/* End PBXProject section */

/* Begin PBXResourcesBuildPhase section */
		6FD9651528B3555300D04437 /* Resources */ = {
			isa = PBXResourcesBuildPhase;
			buildActionMask = 2147483647;
			files = (
				6FD9652728B3555500D04437 /* LaunchScreen.storyboard in Resources */,
				6FD9652428B3555500D04437 /* Assets.xcassets in Resources */,
				6FD9655128B3558700D04437 /* scenes.scnassets in Resources */,
				6FD9652228B3555300D04437 /* Main.storyboard in Resources */,
			);
			runOnlyForDeploymentPostprocessing = 0;
		};
		6FD9652B28B3555500D04437 /* Resources */ = {
			isa = PBXResourcesBuildPhase;
			buildActionMask = 2147483647;
			files = (
			);
			runOnlyForDeploymentPostprocessing = 0;
		};
		6FD9653528B3555500D04437 /* Resources */ = {
			isa = PBXResourcesBuildPhase;
			buildActionMask = 2147483647;
			files = (
			);
			runOnlyForDeploymentPostprocessing = 0;
		};
/* End PBXResourcesBuildPhase section */

/* Begin PBXSourcesBuildPhase section */
		6FD9651328B3555300D04437 /* Sources */ = {
			isa = PBXSourcesBuildPhase;
			buildActionMask = 2147483647;
			files = (
				6FD9654D28B3556B00D04437 /* Planet+Info.swift in Sources */,
				6FD9651B28B3555300D04437 /* AppDelegate.swift in Sources */,
				6FD9651D28B3555300D04437 /* SceneDelegate.swift in Sources */,
				6FD9654C28B3556B00D04437 /* Planet.swift in Sources */,
				6FD9654F28B3557700D04437 /* SceneVC.swift in Sources */,
			);
			runOnlyForDeploymentPostprocessing = 0;
		};
		6FD9652928B3555500D04437 /* Sources */ = {
			isa = PBXSourcesBuildPhase;
			buildActionMask = 2147483647;
			files = (
				6FD9653228B3555500D04437 /* Solar_SystemTests.swift in Sources */,
			);
			runOnlyForDeploymentPostprocessing = 0;
		};
		6FD9653328B3555500D04437 /* Sources */ = {
			isa = PBXSourcesBuildPhase;
			buildActionMask = 2147483647;
			files = (
				6FD9653C28B3555500D04437 /* Solar_SystemUITests.swift in Sources */,
				6FD9653E28B3555500D04437 /* Solar_SystemUITestsLaunchTests.swift in Sources */,
			);
			runOnlyForDeploymentPostprocessing = 0;
		};
/* End PBXSourcesBuildPhase section */

/* Begin PBXTargetDependency section */
		6FD9652F28B3555500D04437 /* PBXTargetDependency */ = {
			isa = PBXTargetDependency;
			target = 6FD9651628B3555300D04437 /* Solar System */;
			targetProxy = 6FD9652E28B3555500D04437 /* PBXContainerItemProxy */;
		};
		6FD9653928B3555500D04437 /* PBXTargetDependency */ = {
			isa = PBXTargetDependency;
			target = 6FD9651628B3555300D04437 /* Solar System */;
			targetProxy = 6FD9653828B3555500D04437 /* PBXContainerItemProxy */;
		};
/* End PBXTargetDependency section */

/* Begin PBXVariantGroup section */
		6FD9652028B3555300D04437 /* Main.storyboard */ = {
			isa = PBXVariantGroup;
			children = (
				6FD9652128B3555300D04437 /* Base */,
			);
			name = Main.storyboard;
			sourceTree = "<group>";
		};
		6FD9652528B3555500D04437 /* LaunchScreen.storyboard */ = {
			isa = PBXVariantGroup;
			children = (
				6FD9652628B3555500D04437 /* Base */,
			);
			name = LaunchScreen.storyboard;
			sourceTree = "<group>";
		};
/* End PBXVariantGroup section */

/* Begin XCBuildConfiguration section */
		6FD9653F28B3555500D04437 /* Debug */ = {
			isa = XCBuildConfiguration;
			buildSettings = {
				ALWAYS_SEARCH_USER_PATHS = NO;
				CLANG_ANALYZER_NONNULL = YES;
				CLANG_ANALYZER_NUMBER_OBJECT_CONVERSION = YES_AGGRESSIVE;
				CLANG_CXX_LANGUAGE_STANDARD = "gnu++17";
				CLANG_CXX_LIBRARY = "libc++";
				CLANG_ENABLE_MODULES = YES;
				CLANG_ENABLE_OBJC_ARC = YES;
				CLANG_ENABLE_OBJC_WEAK = YES;
				CLANG_WARN_BLOCK_CAPTURE_AUTORELEASING = YES;
				CLANG_WARN_BOOL_CONVERSION = YES;
				CLANG_WARN_COMMA = YES;
				CLANG_WARN_CONSTANT_CONVERSION = YES;
				CLANG_WARN_DEPRECATED_OBJC_IMPLEMENTATIONS = YES;
				CLANG_WARN_DIRECT_OBJC_ISA_USAGE = YES_ERROR;
				CLANG_WARN_DOCUMENTATION_COMMENTS = YES;
				CLANG_WARN_EMPTY_BODY = YES;
				CLANG_WARN_ENUM_CONVERSION = YES;
				CLANG_WARN_INFINITE_RECURSION = YES;
				CLANG_WARN_INT_CONVERSION = YES;
				CLANG_WARN_NON_LITERAL_NULL_CONVERSION = YES;
				CLANG_WARN_OBJC_IMPLICIT_RETAIN_SELF = YES;
				CLANG_WARN_OBJC_LITERAL_CONVERSION = YES;
				CLANG_WARN_OBJC_ROOT_CLASS = YES_ERROR;
				CLANG_WARN_QUOTED_INCLUDE_IN_FRAMEWORK_HEADER = YES;
				CLANG_WARN_RANGE_LOOP_ANALYSIS = YES;
				CLANG_WARN_STRICT_PROTOTYPES = YES;
				CLANG_WARN_SUSPICIOUS_MOVE = YES;
				CLANG_WARN_UNGUARDED_AVAILABILITY = YES_AGGRESSIVE;
				CLANG_WARN_UNREACHABLE_CODE = YES;
				CLANG_WARN__DUPLICATE_METHOD_MATCH = YES;
				COPY_PHASE_STRIP = NO;
				DEBUG_INFORMATION_FORMAT = dwarf;
				ENABLE_STRICT_OBJC_MSGSEND = YES;
				ENABLE_TESTABILITY = YES;
				GCC_C_LANGUAGE_STANDARD = gnu11;
				GCC_DYNAMIC_NO_PIC = NO;
				GCC_NO_COMMON_BLOCKS = YES;
				GCC_OPTIMIZATION_LEVEL = 0;
				GCC_PREPROCESSOR_DEFINITIONS = (
					"DEBUG=1",
					"$(inherited)",
				);
				GCC_WARN_64_TO_32_BIT_CONVERSION = YES;
				GCC_WARN_ABOUT_RETURN_TYPE = YES_ERROR;
				GCC_WARN_UNDECLARED_SELECTOR = YES;
				GCC_WARN_UNINITIALIZED_AUTOS = YES_AGGRESSIVE;
				GCC_WARN_UNUSED_FUNCTION = YES;
				GCC_WARN_UNUSED_VARIABLE = YES;
				IPHONEOS_DEPLOYMENT_TARGET = 15.2;
				MTL_ENABLE_DEBUG_INFO = INCLUDE_SOURCE;
				MTL_FAST_MATH = YES;
				ONLY_ACTIVE_ARCH = YES;
				SDKROOT = iphoneos;
				SWIFT_ACTIVE_COMPILATION_CONDITIONS = DEBUG;
				SWIFT_OPTIMIZATION_LEVEL = "-Onone";
			};
			name = Debug;
		};
		6FD9654028B3555500D04437 /* Release */ = {
			isa = XCBuildConfiguration;
			buildSettings = {
				ALWAYS_SEARCH_USER_PATHS = NO;
				CLANG_ANALYZER_NONNULL = YES;
				CLANG_ANALYZER_NUMBER_OBJECT_CONVERSION = YES_AGGRESSIVE;
				CLANG_CXX_LANGUAGE_STANDARD = "gnu++17";
				CLANG_CXX_LIBRARY = "libc++";
				CLANG_ENABLE_MODULES = YES;
				CLANG_ENABLE_OBJC_ARC = YES;
				CLANG_ENABLE_OBJC_WEAK = YES;
				CLANG_WARN_BLOCK_CAPTURE_AUTORELEASING = YES;
				CLANG_WARN_BOOL_CONVERSION = YES;
				CLANG_WARN_COMMA = YES;
				CLANG_WARN_CONSTANT_CONVERSION = YES;
				CLANG_WARN_DEPRECATED_OBJC_IMPLEMENTATIONS = YES;
				CLANG_WARN_DIRECT_OBJC_ISA_USAGE = YES_ERROR;
				CLANG_WARN_DOCUMENTATION_COMMENTS = YES;
				CLANG_WARN_EMPTY_BODY = YES;
				CLANG_WARN_ENUM_CONVERSION = YES;
				CLANG_WARN_INFINITE_RECURSION = YES;
				CLANG_WARN_INT_CONVERSION = YES;
				CLANG_WARN_NON_LITERAL_NULL_CONVERSION = YES;
				CLANG_WARN_OBJC_IMPLICIT_RETAIN_SELF = YES;
				CLANG_WARN_OBJC_LITERAL_CONVERSION = YES;
				CLANG_WARN_OBJC_ROOT_CLASS = YES_ERROR;
				CLANG_WARN_QUOTED_INCLUDE_IN_FRAMEWORK_HEADER = YES;
				CLANG_WARN_RANGE_LOOP_ANALYSIS = YES;
				CLANG_WARN_STRICT_PROTOTYPES = YES;
				CLANG_WARN_SUSPICIOUS_MOVE = YES;
				CLANG_WARN_UNGUARDED_AVAILABILITY = YES_AGGRESSIVE;
				CLANG_WARN_UNREACHABLE_CODE = YES;
				CLANG_WARN__DUPLICATE_METHOD_MATCH = YES;
				COPY_PHASE_STRIP = NO;
				DEBUG_INFORMATION_FORMAT = "dwarf-with-dsym";
				ENABLE_NS_ASSERTIONS = NO;
				ENABLE_STRICT_OBJC_MSGSEND = YES;
				GCC_C_LANGUAGE_STANDARD = gnu11;
				GCC_NO_COMMON_BLOCKS = YES;
				GCC_WARN_64_TO_32_BIT_CONVERSION = YES;
				GCC_WARN_ABOUT_RETURN_TYPE = YES_ERROR;
				GCC_WARN_UNDECLARED_SELECTOR = YES;
				GCC_WARN_UNINITIALIZED_AUTOS = YES_AGGRESSIVE;
				GCC_WARN_UNUSED_FUNCTION = YES;
				GCC_WARN_UNUSED_VARIABLE = YES;
				IPHONEOS_DEPLOYMENT_TARGET = 15.2;
				MTL_ENABLE_DEBUG_INFO = NO;
				MTL_FAST_MATH = YES;
				SDKROOT = iphoneos;
				SWIFT_COMPILATION_MODE = wholemodule;
				SWIFT_OPTIMIZATION_LEVEL = "-O";
				VALIDATE_PRODUCT = YES;
			};
			name = Release;
		};
		6FD9654228B3555500D04437 /* Debug */ = {
			isa = XCBuildConfiguration;
			buildSettings = {
				ASSETCATALOG_COMPILER_APPICON_NAME = AppIcon;
				ASSETCATALOG_COMPILER_GLOBAL_ACCENT_COLOR_NAME = AccentColor;
				CODE_SIGN_STYLE = Automatic;
				CURRENT_PROJECT_VERSION = 1;
				DEVELOPMENT_TEAM = J8S9X52T32;
				GENERATE_INFOPLIST_FILE = YES;
				INFOPLIST_FILE = "Solar System/Info.plist";
				INFOPLIST_KEY_UIApplicationSupportsIndirectInputEvents = YES;
				INFOPLIST_KEY_UILaunchStoryboardName = LaunchScreen;
				INFOPLIST_KEY_UIMainStoryboardFile = Main;
				INFOPLIST_KEY_UISupportedInterfaceOrientations_iPad = "UIInterfaceOrientationPortrait UIInterfaceOrientationPortraitUpsideDown UIInterfaceOrientationLandscapeLeft UIInterfaceOrientationLandscapeRight";
				INFOPLIST_KEY_UISupportedInterfaceOrientations_iPhone = "UIInterfaceOrientationPortrait UIInterfaceOrientationLandscapeLeft UIInterfaceOrientationLandscapeRight";
				LD_RUNPATH_SEARCH_PATHS = (
					"$(inherited)",
					"@executable_path/Frameworks",
				);
				MARKETING_VERSION = 1.0;
				PRODUCT_BUNDLE_IDENTIFIER = "com.aarish.Solar-System";
				PRODUCT_NAME = "$(TARGET_NAME)";
				SWIFT_EMIT_LOC_STRINGS = YES;
				SWIFT_VERSION = 5.0;
				TARGETED_DEVICE_FAMILY = "1,2";
			};
			name = Debug;
		};
		6FD9654328B3555500D04437 /* Release */ = {
			isa = XCBuildConfiguration;
			buildSettings = {
				ASSETCATALOG_COMPILER_APPICON_NAME = AppIcon;
				ASSETCATALOG_COMPILER_GLOBAL_ACCENT_COLOR_NAME = AccentColor;
				CODE_SIGN_STYLE = Automatic;
				CURRENT_PROJECT_VERSION = 1;
				DEVELOPMENT_TEAM = J8S9X52T32;
				GENERATE_INFOPLIST_FILE = YES;
				INFOPLIST_FILE = "Solar System/Info.plist";
				INFOPLIST_KEY_UIApplicationSupportsIndirectInputEvents = YES;
				INFOPLIST_KEY_UILaunchStoryboardName = LaunchScreen;
				INFOPLIST_KEY_UIMainStoryboardFile = Main;
				INFOPLIST_KEY_UISupportedInterfaceOrientations_iPad = "UIInterfaceOrientationPortrait UIInterfaceOrientationPortraitUpsideDown UIInterfaceOrientationLandscapeLeft UIInterfaceOrientationLandscapeRight";
				INFOPLIST_KEY_UISupportedInterfaceOrientations_iPhone = "UIInterfaceOrientationPortrait UIInterfaceOrientationLandscapeLeft UIInterfaceOrientationLandscapeRight";
				LD_RUNPATH_SEARCH_PATHS = (
					"$(inherited)",
					"@executable_path/Frameworks",
				);
				MARKETING_VERSION = 1.0;
				PRODUCT_BUNDLE_IDENTIFIER = "com.aarish.Solar-System";
				PRODUCT_NAME = "$(TARGET_NAME)";
				SWIFT_EMIT_LOC_STRINGS = YES;
				SWIFT_VERSION = 5.0;
				TARGETED_DEVICE_FAMILY = "1,2";
			};
			name = Release;
		};
		6FD9654528B3555500D04437 /* Debug */ = {
			isa = XCBuildConfiguration;
			buildSettings = {
				ALWAYS_EMBED_SWIFT_STANDARD_LIBRARIES = YES;
				BUNDLE_LOADER = "$(TEST_HOST)";
				CODE_SIGN_STYLE = Automatic;
				CURRENT_PROJECT_VERSION = 1;
				DEVELOPMENT_TEAM = J8S9X52T32;
				GENERATE_INFOPLIST_FILE = YES;
				IPHONEOS_DEPLOYMENT_TARGET = 15.2;
				MARKETING_VERSION = 1.0;
				PRODUCT_BUNDLE_IDENTIFIER = "com.aarish.Solar-SystemTests";
				PRODUCT_NAME = "$(TARGET_NAME)";
				SWIFT_EMIT_LOC_STRINGS = NO;
				SWIFT_VERSION = 5.0;
				TARGETED_DEVICE_FAMILY = "1,2";
				TEST_HOST = "$(BUILT_PRODUCTS_DIR)/Solar System.app/Solar System";
			};
			name = Debug;
		};
		6FD9654628B3555500D04437 /* Release */ = {
			isa = XCBuildConfiguration;
			buildSettings = {
				ALWAYS_EMBED_SWIFT_STANDARD_LIBRARIES = YES;
				BUNDLE_LOADER = "$(TEST_HOST)";
				CODE_SIGN_STYLE = Automatic;
				CURRENT_PROJECT_VERSION = 1;
				DEVELOPMENT_TEAM = J8S9X52T32;
				GENERATE_INFOPLIST_FILE = YES;
				IPHONEOS_DEPLOYMENT_TARGET = 15.2;
				MARKETING_VERSION = 1.0;
				PRODUCT_BUNDLE_IDENTIFIER = "com.aarish.Solar-SystemTests";
				PRODUCT_NAME = "$(TARGET_NAME)";
				SWIFT_EMIT_LOC_STRINGS = NO;
				SWIFT_VERSION = 5.0;
				TARGETED_DEVICE_FAMILY = "1,2";
				TEST_HOST = "$(BUILT_PRODUCTS_DIR)/Solar System.app/Solar System";
			};
			name = Release;
		};
		6FD9654828B3555500D04437 /* Debug */ = {
			isa = XCBuildConfiguration;
			buildSettings = {
				ALWAYS_EMBED_SWIFT_STANDARD_LIBRARIES = YES;
				CODE_SIGN_STYLE = Automatic;
				CURRENT_PROJECT_VERSION = 1;
				DEVELOPMENT_TEAM = J8S9X52T32;
				GENERATE_INFOPLIST_FILE = YES;
				MARKETING_VERSION = 1.0;
				PRODUCT_BUNDLE_IDENTIFIER = "com.aarish.Solar-SystemUITests";
				PRODUCT_NAME = "$(TARGET_NAME)";
				SWIFT_EMIT_LOC_STRINGS = NO;
				SWIFT_VERSION = 5.0;
				TARGETED_DEVICE_FAMILY = "1,2";
				TEST_TARGET_NAME = "Solar System";
			};
			name = Debug;
		};
		6FD9654928B3555500D04437 /* Release */ = {
			isa = XCBuildConfiguration;
			buildSettings = {
				ALWAYS_EMBED_SWIFT_STANDARD_LIBRARIES = YES;
				CODE_SIGN_STYLE = Automatic;
				CURRENT_PROJECT_VERSION = 1;
				DEVELOPMENT_TEAM = J8S9X52T32;
				GENERATE_INFOPLIST_FILE = YES;
				MARKETING_VERSION = 1.0;
				PRODUCT_BUNDLE_IDENTIFIER = "com.aarish.Solar-SystemUITests";
				PRODUCT_NAME = "$(TARGET_NAME)";
				SWIFT_EMIT_LOC_STRINGS = NO;
				SWIFT_VERSION = 5.0;
				TARGETED_DEVICE_FAMILY = "1,2";
				TEST_TARGET_NAME = "Solar System";
			};
			name = Release;
		};
/* End XCBuildConfiguration section */

/* Begin XCConfigurationList section */
		6FD9651228B3555300D04437 /* Build configuration list for PBXProject "Solar System" */ = {
			isa = XCConfigurationList;
			buildConfigurations = (
				6FD9653F28B3555500D04437 /* Debug */,
				6FD9654028B3555500D04437 /* Release */,
			);
			defaultConfigurationIsVisible = 0;
			defaultConfigurationName = Release;
		};
		6FD9654128B3555500D04437 /* Build configuration list for PBXNativeTarget "Solar System" */ = {
			isa = XCConfigurationList;
			buildConfigurations = (
				6FD9654228B3555500D04437 /* Debug */,
				6FD9654328B3555500D04437 /* Release */,
			);
			defaultConfigurationIsVisible = 0;
			defaultConfigurationName = Release;
		};
		6FD9654428B3555500D04437 /* Build configuration list for PBXNativeTarget "Solar SystemTests" */ = {
			isa = XCConfigurationList;
			buildConfigurations = (
				6FD9654528B3555500D04437 /* Debug */,
				6FD9654628B3555500D04437 /* Release */,
			);
			defaultConfigurationIsVisible = 0;
			defaultConfigurationName = Release;
		};
		6FD9654728B3555500D04437 /* Build configuration list for PBXNativeTarget "Solar SystemUITests" */ = {
			isa = XCConfigurationList;
			buildConfigurations = (
				6FD9654828B3555500D04437 /* Debug */,
				6FD9654928B3555500D04437 /* Release */,
			);
			defaultConfigurationIsVisible = 0;
			defaultConfigurationName = Release;
		};
/* End XCConfigurationList section */
	};
	rootObject = 6FD9650F28B3555300D04437 /* Project object */;
}
