// !$*UTF8*$!
{
	archiveVersion = 1;
	classes = {
	};
	objectVersion = 50;
	objects = {

/* Begin PBXBuildFile section */
		6F7948A926B48CF200704C90 /* Cupcake_CornerApp.swift in Sources */ = {isa = PBXBuildFile; fileRef = 6F7948A826B48CF200704C90 /* Cupcake_CornerApp.swift */; };
		6F7948AB26B48CF200704C90 /* ContentView.swift in Sources */ = {isa = PBXBuildFile; fileRef = 6F7948AA26B48CF200704C90 /* ContentView.swift */; };
		6F7948AD26B48CF400704C90 /* Assets.xcassets in Resources */ = {isa = PBXBuildFile; fileRef = 6F7948AC26B48CF400704C90 /* Assets.xcassets */; };
		6F7948B026B48CF400704C90 /* Preview Assets.xcassets in Resources */ = {isa = PBXBuildFile; fileRef = 6F7948AF26B48CF400704C90 /* Preview Assets.xcassets */; };
		6F7948BB26B48CF400704C90 /* Cupcake_CornerTests.swift in Sources */ = {isa = PBXBuildFile; fileRef = 6F7948BA26B48CF400704C90 /* Cupcake_CornerTests.swift */; };
		6F7948C626B48CF400704C90 /* Cupcake_CornerUITests.swift in Sources */ = {isa = PBXBuildFile; fileRef = 6F7948C526B48CF400704C90 /* Cupcake_CornerUITests.swift */; };
		6F7948D726B48D4500704C90 /* Order.swift in Sources */ = {isa = PBXBuildFile; fileRef = 6F7948D626B48D4500704C90 /* Order.swift */; };
		6F7948DC26B4908E00704C90 /* AddressView.swift in Sources */ = {isa = PBXBuildFile; fileRef = 6F7948DB26B4908E00704C90 /* AddressView.swift */; };
		6F7948E926B4935400704C90 /* CheckOutView.swift in Sources */ = {isa = PBXBuildFile; fileRef = 6F7948E826B4935400704C90 /* CheckOutView.swift */; };
/* End PBXBuildFile section */

/* Begin PBXContainerItemProxy section */
		6F7948B726B48CF400704C90 /* PBXContainerItemProxy */ = {
			isa = PBXContainerItemProxy;
			containerPortal = 6F79489D26B48CF200704C90 /* Project object */;
			proxyType = 1;
			remoteGlobalIDString = 6F7948A426B48CF200704C90;
			remoteInfo = "Cupcake Corner";
		};
		6F7948C226B48CF400704C90 /* PBXContainerItemProxy */ = {
			isa = PBXContainerItemProxy;
			containerPortal = 6F79489D26B48CF200704C90 /* Project object */;
			proxyType = 1;
			remoteGlobalIDString = 6F7948A426B48CF200704C90;
			remoteInfo = "Cupcake Corner";
		};
/* End PBXContainerItemProxy section */

/* Begin PBXFileReference section */
		6F7948A526B48CF200704C90 /* Cupcake Corner.app */ = {isa = PBXFileReference; explicitFileType = wrapper.application; includeInIndex = 0; path = "Cupcake Corner.app"; sourceTree = BUILT_PRODUCTS_DIR; };
		6F7948A826B48CF200704C90 /* Cupcake_CornerApp.swift */ = {isa = PBXFileReference; lastKnownFileType = sourcecode.swift; path = Cupcake_CornerApp.swift; sourceTree = "<group>"; };
		6F7948AA26B48CF200704C90 /* ContentView.swift */ = {isa = PBXFileReference; lastKnownFileType = sourcecode.swift; path = ContentView.swift; sourceTree = "<group>"; };
		6F7948AC26B48CF400704C90 /* Assets.xcassets */ = {isa = PBXFileReference; lastKnownFileType = folder.assetcatalog; path = Assets.xcassets; sourceTree = "<group>"; };
		6F7948AF26B48CF400704C90 /* Preview Assets.xcassets */ = {isa = PBXFileReference; lastKnownFileType = folder.assetcatalog; path = "Preview Assets.xcassets"; sourceTree = "<group>"; };
		6F7948B126B48CF400704C90 /* Info.plist */ = {isa = PBXFileReference; lastKnownFileType = text.plist.xml; path = Info.plist; sourceTree = "<group>"; };
		6F7948B626B48CF400704C90 /* Cupcake CornerTests.xctest */ = {isa = PBXFileReference; explicitFileType = wrapper.cfbundle; includeInIndex = 0; path = "Cupcake CornerTests.xctest"; sourceTree = BUILT_PRODUCTS_DIR; };
		6F7948BA26B48CF400704C90 /* Cupcake_CornerTests.swift */ = {isa = PBXFileReference; lastKnownFileType = sourcecode.swift; path = Cupcake_CornerTests.swift; sourceTree = "<group>"; };
		6F7948BC26B48CF400704C90 /* Info.plist */ = {isa = PBXFileReference; lastKnownFileType = text.plist.xml; path = Info.plist; sourceTree = "<group>"; };
		6F7948C126B48CF400704C90 /* Cupcake CornerUITests.xctest */ = {isa = PBXFileReference; explicitFileType = wrapper.cfbundle; includeInIndex = 0; path = "Cupcake CornerUITests.xctest"; sourceTree = BUILT_PRODUCTS_DIR; };
		6F7948C526B48CF400704C90 /* Cupcake_CornerUITests.swift */ = {isa = PBXFileReference; lastKnownFileType = sourcecode.swift; path = Cupcake_CornerUITests.swift; sourceTree = "<group>"; };
		6F7948C726B48CF400704C90 /* Info.plist */ = {isa = PBXFileReference; lastKnownFileType = text.plist.xml; path = Info.plist; sourceTree = "<group>"; };
		6F7948D626B48D4500704C90 /* Order.swift */ = {isa = PBXFileReference; lastKnownFileType = sourcecode.swift; path = Order.swift; sourceTree = "<group>"; };
		6F7948DB26B4908E00704C90 /* AddressView.swift */ = {isa = PBXFileReference; lastKnownFileType = sourcecode.swift; path = AddressView.swift; sourceTree = "<group>"; };
		6F7948E826B4935400704C90 /* CheckOutView.swift */ = {isa = PBXFileReference; lastKnownFileType = sourcecode.swift; path = CheckOutView.swift; sourceTree = "<group>"; };
/* End PBXFileReference section */

/* Begin PBXFrameworksBuildPhase section */
		6F7948A226B48CF200704C90 /* Frameworks */ = {
			isa = PBXFrameworksBuildPhase;
			buildActionMask = 2147483647;
			files = (
			);
			runOnlyForDeploymentPostprocessing = 0;
		};
		6F7948B326B48CF400704C90 /* Frameworks */ = {
			isa = PBXFrameworksBuildPhase;
			buildActionMask = 2147483647;
			files = (
			);
			runOnlyForDeploymentPostprocessing = 0;
		};
		6F7948BE26B48CF400704C90 /* Frameworks */ = {
			isa = PBXFrameworksBuildPhase;
			buildActionMask = 2147483647;
			files = (
			);
			runOnlyForDeploymentPostprocessing = 0;
		};
/* End PBXFrameworksBuildPhase section */

/* Begin PBXGroup section */
		6F79489C26B48CF200704C90 = {
			isa = PBXGroup;
			children = (
				6F7948A726B48CF200704C90 /* Cupcake Corner */,
				6F7948B926B48CF400704C90 /* Cupcake CornerTests */,
				6F7948C426B48CF400704C90 /* Cupcake CornerUITests */,
				6F7948A626B48CF200704C90 /* Products */,
			);
			sourceTree = "<group>";
		};
		6F7948A626B48CF200704C90 /* Products */ = {
			isa = PBXGroup;
			children = (
				6F7948A526B48CF200704C90 /* Cupcake Corner.app */,
				6F7948B626B48CF400704C90 /* Cupcake CornerTests.xctest */,
				6F7948C126B48CF400704C90 /* Cupcake CornerUITests.xctest */,
			);
			name = Products;
			sourceTree = "<group>";
		};
		6F7948A726B48CF200704C90 /* Cupcake Corner */ = {
			isa = PBXGroup;
			children = (
				6F7948A826B48CF200704C90 /* Cupcake_CornerApp.swift */,
				6F7948AA26B48CF200704C90 /* ContentView.swift */,
				6F7948E826B4935400704C90 /* CheckOutView.swift */,
				6F7948D626B48D4500704C90 /* Order.swift */,
				6F7948DB26B4908E00704C90 /* AddressView.swift */,
				6F7948AC26B48CF400704C90 /* Assets.xcassets */,
				6F7948B126B48CF400704C90 /* Info.plist */,
				6F7948AE26B48CF400704C90 /* Preview Content */,
			);
			path = "Cupcake Corner";
			sourceTree = "<group>";
		};
		6F7948AE26B48CF400704C90 /* Preview Content */ = {
			isa = PBXGroup;
			children = (
				6F7948AF26B48CF400704C90 /* Preview Assets.xcassets */,
			);
			path = "Preview Content";
			sourceTree = "<group>";
		};
		6F7948B926B48CF400704C90 /* Cupcake CornerTests */ = {
			isa = PBXGroup;
			children = (
				6F7948BA26B48CF400704C90 /* Cupcake_CornerTests.swift */,
				6F7948BC26B48CF400704C90 /* Info.plist */,
			);
			path = "Cupcake CornerTests";
			sourceTree = "<group>";
		};
		6F7948C426B48CF400704C90 /* Cupcake CornerUITests */ = {
			isa = PBXGroup;
			children = (
				6F7948C526B48CF400704C90 /* Cupcake_CornerUITests.swift */,
				6F7948C726B48CF400704C90 /* Info.plist */,
			);
			path = "Cupcake CornerUITests";
			sourceTree = "<group>";
		};
/* End PBXGroup section */

/* Begin PBXNativeTarget section */
		6F7948A426B48CF200704C90 /* Cupcake Corner */ = {
			isa = PBXNativeTarget;
			buildConfigurationList = 6F7948CA26B48CF400704C90 /* Build configuration list for PBXNativeTarget "Cupcake Corner" */;
			buildPhases = (
				6F7948A126B48CF200704C90 /* Sources */,
				6F7948A226B48CF200704C90 /* Frameworks */,
				6F7948A326B48CF200704C90 /* Resources */,
			);
			buildRules = (
			);
			dependencies = (
			);
			name = "Cupcake Corner";
			productName = "Cupcake Corner";
			productReference = 6F7948A526B48CF200704C90 /* Cupcake Corner.app */;
			productType = "com.apple.product-type.application";
		};
		6F7948B526B48CF400704C90 /* Cupcake CornerTests */ = {
			isa = PBXNativeTarget;
			buildConfigurationList = 6F7948CD26B48CF400704C90 /* Build configuration list for PBXNativeTarget "Cupcake CornerTests" */;
			buildPhases = (
				6F7948B226B48CF400704C90 /* Sources */,
				6F7948B326B48CF400704C90 /* Frameworks */,
				6F7948B426B48CF400704C90 /* Resources */,
			);
			buildRules = (
			);
			dependencies = (
				6F7948B826B48CF400704C90 /* PBXTargetDependency */,
			);
			name = "Cupcake CornerTests";
			productName = "Cupcake CornerTests";
			productReference = 6F7948B626B48CF400704C90 /* Cupcake CornerTests.xctest */;
			productType = "com.apple.product-type.bundle.unit-test";
		};
		6F7948C026B48CF400704C90 /* Cupcake CornerUITests */ = {
			isa = PBXNativeTarget;
			buildConfigurationList = 6F7948D026B48CF400704C90 /* Build configuration list for PBXNativeTarget "Cupcake CornerUITests" */;
			buildPhases = (
				6F7948BD26B48CF400704C90 /* Sources */,
				6F7948BE26B48CF400704C90 /* Frameworks */,
				6F7948BF26B48CF400704C90 /* Resources */,
			);
			buildRules = (
			);
			dependencies = (
				6F7948C326B48CF400704C90 /* PBXTargetDependency */,
			);
			name = "Cupcake CornerUITests";
			productName = "Cupcake CornerUITests";
			productReference = 6F7948C126B48CF400704C90 /* Cupcake CornerUITests.xctest */;
			productType = "com.apple.product-type.bundle.ui-testing";
		};
/* End PBXNativeTarget section */

/* Begin PBXProject section */
		6F79489D26B48CF200704C90 /* Project object */ = {
			isa = PBXProject;
			attributes = {
				LastSwiftUpdateCheck = 1230;
				LastUpgradeCheck = 1230;
				TargetAttributes = {
					6F7948A426B48CF200704C90 = {
						CreatedOnToolsVersion = 12.3;
					};
					6F7948B526B48CF400704C90 = {
						CreatedOnToolsVersion = 12.3;
						TestTargetID = 6F7948A426B48CF200704C90;
					};
					6F7948C026B48CF400704C90 = {
						CreatedOnToolsVersion = 12.3;
						TestTargetID = 6F7948A426B48CF200704C90;
					};
				};
			};
			buildConfigurationList = 6F7948A026B48CF200704C90 /* Build configuration list for PBXProject "Cupcake Corner" */;
			compatibilityVersion = "Xcode 9.3";
			developmentRegion = en;
			hasScannedForEncodings = 0;
			knownRegions = (
				en,
				Base,
			);
			mainGroup = 6F79489C26B48CF200704C90;
			productRefGroup = 6F7948A626B48CF200704C90 /* Products */;
			projectDirPath = "";
			projectRoot = "";
			targets = (
				6F7948A426B48CF200704C90 /* Cupcake Corner */,
				6F7948B526B48CF400704C90 /* Cupcake CornerTests */,
				6F7948C026B48CF400704C90 /* Cupcake CornerUITests */,
			);
		};
/* End PBXProject section */

/* Begin PBXResourcesBuildPhase section */
		6F7948A326B48CF200704C90 /* Resources */ = {
			isa = PBXResourcesBuildPhase;
			buildActionMask = 2147483647;
			files = (
				6F7948B026B48CF400704C90 /* Preview Assets.xcassets in Resources */,
				6F7948AD26B48CF400704C90 /* Assets.xcassets in Resources */,
			);
			runOnlyForDeploymentPostprocessing = 0;
		};
		6F7948B426B48CF400704C90 /* Resources */ = {
			isa = PBXResourcesBuildPhase;
			buildActionMask = 2147483647;
			files = (
			);
			runOnlyForDeploymentPostprocessing = 0;
		};
		6F7948BF26B48CF400704C90 /* Resources */ = {
			isa = PBXResourcesBuildPhase;
			buildActionMask = 2147483647;
			files = (
			);
			runOnlyForDeploymentPostprocessing = 0;
		};
/* End PBXResourcesBuildPhase section */

/* Begin PBXSourcesBuildPhase section */
		6F7948A126B48CF200704C90 /* Sources */ = {
			isa = PBXSourcesBuildPhase;
			buildActionMask = 2147483647;
			files = (
				6F7948D726B48D4500704C90 /* Order.swift in Sources */,
				6F7948E926B4935400704C90 /* CheckOutView.swift in Sources */,
				6F7948DC26B4908E00704C90 /* AddressView.swift in Sources */,
				6F7948AB26B48CF200704C90 /* ContentView.swift in Sources */,
				6F7948A926B48CF200704C90 /* Cupcake_CornerApp.swift in Sources */,
			);
			runOnlyForDeploymentPostprocessing = 0;
		};
		6F7948B226B48CF400704C90 /* Sources */ = {
			isa = PBXSourcesBuildPhase;
			buildActionMask = 2147483647;
			files = (
				6F7948BB26B48CF400704C90 /* Cupcake_CornerTests.swift in Sources */,
			);
			runOnlyForDeploymentPostprocessing = 0;
		};
		6F7948BD26B48CF400704C90 /* Sources */ = {
			isa = PBXSourcesBuildPhase;
			buildActionMask = 2147483647;
			files = (
				6F7948C626B48CF400704C90 /* Cupcake_CornerUITests.swift in Sources */,
			);
			runOnlyForDeploymentPostprocessing = 0;
		};
/* End PBXSourcesBuildPhase section */

/* Begin PBXTargetDependency section */
		6F7948B826B48CF400704C90 /* PBXTargetDependency */ = {
			isa = PBXTargetDependency;
			target = 6F7948A426B48CF200704C90 /* Cupcake Corner */;
			targetProxy = 6F7948B726B48CF400704C90 /* PBXContainerItemProxy */;
		};
		6F7948C326B48CF400704C90 /* PBXTargetDependency */ = {
			isa = PBXTargetDependency;
			target = 6F7948A426B48CF200704C90 /* Cupcake Corner */;
			targetProxy = 6F7948C226B48CF400704C90 /* PBXContainerItemProxy */;
		};
/* End PBXTargetDependency section */

/* Begin XCBuildConfiguration section */
		6F7948C826B48CF400704C90 /* Debug */ = {
			isa = XCBuildConfiguration;
			buildSettings = {
				ALWAYS_SEARCH_USER_PATHS = NO;
				CLANG_ANALYZER_NONNULL = YES;
				CLANG_ANALYZER_NUMBER_OBJECT_CONVERSION = YES_AGGRESSIVE;
				CLANG_CXX_LANGUAGE_STANDARD = "gnu++14";
				CLANG_CXX_LIBRARY = "libc++";
				CLANG_ENABLE_MODULES = YES;
				CLANG_ENABLE_OBJC_ARC = YES;
				CLANG_ENABLE_OBJC_WEAK = YES;
				CLANG_WARN_BLOCK_CAPTURE_AUTORELEASING = YES;
				CLANG_WARN_BOOL_CONVERSION = YES;
				CLANG_WARN_COMMA = YES;
				CLANG_WARN_CONSTANT_CONVERSION = YES;
				CLANG_WARN_DEPRECATED_OBJC_IMPLEMENTATIONS = YES;
				CLANG_WARN_DIRECT_OBJC_ISA_USAGE = YES_ERROR;
				CLANG_WARN_DOCUMENTATION_COMMENTS = YES;
				CLANG_WARN_EMPTY_BODY = YES;
				CLANG_WARN_ENUM_CONVERSION = YES;
				CLANG_WARN_INFINITE_RECURSION = YES;
				CLANG_WARN_INT_CONVERSION = YES;
				CLANG_WARN_NON_LITERAL_NULL_CONVERSION = YES;
				CLANG_WARN_OBJC_IMPLICIT_RETAIN_SELF = YES;
				CLANG_WARN_OBJC_LITERAL_CONVERSION = YES;
				CLANG_WARN_OBJC_ROOT_CLASS = YES_ERROR;
				CLANG_WARN_QUOTED_INCLUDE_IN_FRAMEWORK_HEADER = YES;
				CLANG_WARN_RANGE_LOOP_ANALYSIS = YES;
				CLANG_WARN_STRICT_PROTOTYPES = YES;
				CLANG_WARN_SUSPICIOUS_MOVE = YES;
				CLANG_WARN_UNGUARDED_AVAILABILITY = YES_AGGRESSIVE;
				CLANG_WARN_UNREACHABLE_CODE = YES;
				CLANG_WARN__DUPLICATE_METHOD_MATCH = YES;
				COPY_PHASE_STRIP = NO;
				DEBUG_INFORMATION_FORMAT = dwarf;
				ENABLE_STRICT_OBJC_MSGSEND = YES;
				ENABLE_TESTABILITY = YES;
				GCC_C_LANGUAGE_STANDARD = gnu11;
				GCC_DYNAMIC_NO_PIC = NO;
				GCC_NO_COMMON_BLOCKS = YES;
				GCC_OPTIMIZATION_LEVEL = 0;
				GCC_PREPROCESSOR_DEFINITIONS = (
					"DEBUG=1",
					"$(inherited)",
				);
				GCC_WARN_64_TO_32_BIT_CONVERSION = YES;
				GCC_WARN_ABOUT_RETURN_TYPE = YES_ERROR;
				GCC_WARN_UNDECLARED_SELECTOR = YES;
				GCC_WARN_UNINITIALIZED_AUTOS = YES_AGGRESSIVE;
				GCC_WARN_UNUSED_FUNCTION = YES;
				GCC_WARN_UNUSED_VARIABLE = YES;
				IPHONEOS_DEPLOYMENT_TARGET = 14.3;
				MTL_ENABLE_DEBUG_INFO = INCLUDE_SOURCE;
				MTL_FAST_MATH = YES;
				ONLY_ACTIVE_ARCH = YES;
				SDKROOT = iphoneos;
				SWIFT_ACTIVE_COMPILATION_CONDITIONS = DEBUG;
				SWIFT_OPTIMIZATION_LEVEL = "-Onone";
			};
			name = Debug;
		};
		6F7948C926B48CF400704C90 /* Release */ = {
			isa = XCBuildConfiguration;
			buildSettings = {
				ALWAYS_SEARCH_USER_PATHS = NO;
				CLANG_ANALYZER_NONNULL = YES;
				CLANG_ANALYZER_NUMBER_OBJECT_CONVERSION = YES_AGGRESSIVE;
				CLANG_CXX_LANGUAGE_STANDARD = "gnu++14";
				CLANG_CXX_LIBRARY = "libc++";
				CLANG_ENABLE_MODULES = YES;
				CLANG_ENABLE_OBJC_ARC = YES;
				CLANG_ENABLE_OBJC_WEAK = YES;
				CLANG_WARN_BLOCK_CAPTURE_AUTORELEASING = YES;
				CLANG_WARN_BOOL_CONVERSION = YES;
				CLANG_WARN_COMMA = YES;
				CLANG_WARN_CONSTANT_CONVERSION = YES;
				CLANG_WARN_DEPRECATED_OBJC_IMPLEMENTATIONS = YES;
				CLANG_WARN_DIRECT_OBJC_ISA_USAGE = YES_ERROR;
				CLANG_WARN_DOCUMENTATION_COMMENTS = YES;
				CLANG_WARN_EMPTY_BODY = YES;
				CLANG_WARN_ENUM_CONVERSION = YES;
				CLANG_WARN_INFINITE_RECURSION = YES;
				CLANG_WARN_INT_CONVERSION = YES;
				CLANG_WARN_NON_LITERAL_NULL_CONVERSION = YES;
				CLANG_WARN_OBJC_IMPLICIT_RETAIN_SELF = YES;
				CLANG_WARN_OBJC_LITERAL_CONVERSION = YES;
				CLANG_WARN_OBJC_ROOT_CLASS = YES_ERROR;
				CLANG_WARN_QUOTED_INCLUDE_IN_FRAMEWORK_HEADER = YES;
				CLANG_WARN_RANGE_LOOP_ANALYSIS = YES;
				CLANG_WARN_STRICT_PROTOTYPES = YES;
				CLANG_WARN_SUSPICIOUS_MOVE = YES;
				CLANG_WARN_UNGUARDED_AVAILABILITY = YES_AGGRESSIVE;
				CLANG_WARN_UNREACHABLE_CODE = YES;
				CLANG_WARN__DUPLICATE_METHOD_MATCH = YES;
				COPY_PHASE_STRIP = NO;
				DEBUG_INFORMATION_FORMAT = "dwarf-with-dsym";
				ENABLE_NS_ASSERTIONS = NO;
				ENABLE_STRICT_OBJC_MSGSEND = YES;
				GCC_C_LANGUAGE_STANDARD = gnu11;
				GCC_NO_COMMON_BLOCKS = YES;
				GCC_WARN_64_TO_32_BIT_CONVERSION = YES;
				GCC_WARN_ABOUT_RETURN_TYPE = YES_ERROR;
				GCC_WARN_UNDECLARED_SELECTOR = YES;
				GCC_WARN_UNINITIALIZED_AUTOS = YES_AGGRESSIVE;
				GCC_WARN_UNUSED_FUNCTION = YES;
				GCC_WARN_UNUSED_VARIABLE = YES;
				IPHONEOS_DEPLOYMENT_TARGET = 14.3;
				MTL_ENABLE_DEBUG_INFO = NO;
				MTL_FAST_MATH = YES;
				SDKROOT = iphoneos;
				SWIFT_COMPILATION_MODE = wholemodule;
				SWIFT_OPTIMIZATION_LEVEL = "-O";
				VALIDATE_PRODUCT = YES;
			};
			name = Release;
		};
		6F7948CB26B48CF400704C90 /* Debug */ = {
			isa = XCBuildConfiguration;
			buildSettings = {
				ASSETCATALOG_COMPILER_APPICON_NAME = AppIcon;
				ASSETCATALOG_COMPILER_GLOBAL_ACCENT_COLOR_NAME = AccentColor;
				CODE_SIGN_STYLE = Automatic;
				DEVELOPMENT_ASSET_PATHS = "\"Cupcake Corner/Preview Content\"";
				DEVELOPMENT_TEAM = J8S9X52T32;
				ENABLE_PREVIEWS = YES;
				INFOPLIST_FILE = "Cupcake Corner/Info.plist";
				IPHONEOS_DEPLOYMENT_TARGET = 14.0;
				LD_RUNPATH_SEARCH_PATHS = (
					"$(inherited)",
					"@executable_path/Frameworks",
				);
				PRODUCT_BUNDLE_IDENTIFIER = "aarish.Cupcake-Corner";
				PRODUCT_NAME = "$(TARGET_NAME)";
				SWIFT_VERSION = 5.0;
				TARGETED_DEVICE_FAMILY = "1,2";
			};
			name = Debug;
		};
		6F7948CC26B48CF400704C90 /* Release */ = {
			isa = XCBuildConfiguration;
			buildSettings = {
				ASSETCATALOG_COMPILER_APPICON_NAME = AppIcon;
				ASSETCATALOG_COMPILER_GLOBAL_ACCENT_COLOR_NAME = AccentColor;
				CODE_SIGN_STYLE = Automatic;
				DEVELOPMENT_ASSET_PATHS = "\"Cupcake Corner/Preview Content\"";
				DEVELOPMENT_TEAM = J8S9X52T32;
				ENABLE_PREVIEWS = YES;
				INFOPLIST_FILE = "Cupcake Corner/Info.plist";
				IPHONEOS_DEPLOYMENT_TARGET = 14.0;
				LD_RUNPATH_SEARCH_PATHS = (
					"$(inherited)",
					"@executable_path/Frameworks",
				);
				PRODUCT_BUNDLE_IDENTIFIER = "aarish.Cupcake-Corner";
				PRODUCT_NAME = "$(TARGET_NAME)";
				SWIFT_VERSION = 5.0;
				TARGETED_DEVICE_FAMILY = "1,2";
			};
			name = Release;
		};
		6F7948CE26B48CF400704C90 /* Debug */ = {
			isa = XCBuildConfiguration;
			buildSettings = {
				ALWAYS_EMBED_SWIFT_STANDARD_LIBRARIES = YES;
				BUNDLE_LOADER = "$(TEST_HOST)";
				CODE_SIGN_STYLE = Automatic;
				DEVELOPMENT_TEAM = J8S9X52T32;
				INFOPLIST_FILE = "Cupcake CornerTests/Info.plist";
				IPHONEOS_DEPLOYMENT_TARGET = 14.0;
				LD_RUNPATH_SEARCH_PATHS = (
					"$(inherited)",
					"@executable_path/Frameworks",
					"@loader_path/Frameworks",
				);
				PRODUCT_BUNDLE_IDENTIFIER = "aarish.Cupcake-CornerTests";
				PRODUCT_NAME = "$(TARGET_NAME)";
				SWIFT_VERSION = 5.0;
				TARGETED_DEVICE_FAMILY = "1,2";
				TEST_HOST = "$(BUILT_PRODUCTS_DIR)/Cupcake Corner.app/Cupcake Corner";
			};
			name = Debug;
		};
		6F7948CF26B48CF400704C90 /* Release */ = {
			isa = XCBuildConfiguration;
			buildSettings = {
				ALWAYS_EMBED_SWIFT_STANDARD_LIBRARIES = YES;
				BUNDLE_LOADER = "$(TEST_HOST)";
				CODE_SIGN_STYLE = Automatic;
				DEVELOPMENT_TEAM = J8S9X52T32;
				INFOPLIST_FILE = "Cupcake CornerTests/Info.plist";
				IPHONEOS_DEPLOYMENT_TARGET = 14.0;
				LD_RUNPATH_SEARCH_PATHS = (
					"$(inherited)",
					"@executable_path/Frameworks",
					"@loader_path/Frameworks",
				);
				PRODUCT_BUNDLE_IDENTIFIER = "aarish.Cupcake-CornerTests";
				PRODUCT_NAME = "$(TARGET_NAME)";
				SWIFT_VERSION = 5.0;
				TARGETED_DEVICE_FAMILY = "1,2";
				TEST_HOST = "$(BUILT_PRODUCTS_DIR)/Cupcake Corner.app/Cupcake Corner";
			};
			name = Release;
		};
		6F7948D126B48CF400704C90 /* Debug */ = {
			isa = XCBuildConfiguration;
			buildSettings = {
				ALWAYS_EMBED_SWIFT_STANDARD_LIBRARIES = YES;
				CODE_SIGN_STYLE = Automatic;
				DEVELOPMENT_TEAM = J8S9X52T32;
				INFOPLIST_FILE = "Cupcake CornerUITests/Info.plist";
				LD_RUNPATH_SEARCH_PATHS = (
					"$(inherited)",
					"@executable_path/Frameworks",
					"@loader_path/Frameworks",
				);
				PRODUCT_BUNDLE_IDENTIFIER = "aarish.Cupcake-CornerUITests";
				PRODUCT_NAME = "$(TARGET_NAME)";
				SWIFT_VERSION = 5.0;
				TARGETED_DEVICE_FAMILY = "1,2";
				TEST_TARGET_NAME = "Cupcake Corner";
			};
			name = Debug;
		};
		6F7948D226B48CF400704C90 /* Release */ = {
			isa = XCBuildConfiguration;
			buildSettings = {
				ALWAYS_EMBED_SWIFT_STANDARD_LIBRARIES = YES;
				CODE_SIGN_STYLE = Automatic;
				DEVELOPMENT_TEAM = J8S9X52T32;
				INFOPLIST_FILE = "Cupcake CornerUITests/Info.plist";
				LD_RUNPATH_SEARCH_PATHS = (
					"$(inherited)",
					"@executable_path/Frameworks",
					"@loader_path/Frameworks",
				);
				PRODUCT_BUNDLE_IDENTIFIER = "aarish.Cupcake-CornerUITests";
				PRODUCT_NAME = "$(TARGET_NAME)";
				SWIFT_VERSION = 5.0;
				TARGETED_DEVICE_FAMILY = "1,2";
				TEST_TARGET_NAME = "Cupcake Corner";
			};
			name = Release;
		};
/* End XCBuildConfiguration section */

/* Begin XCConfigurationList section */
		6F7948A026B48CF200704C90 /* Build configuration list for PBXProject "Cupcake Corner" */ = {
			isa = XCConfigurationList;
			buildConfigurations = (
				6F7948C826B48CF400704C90 /* Debug */,
				6F7948C926B48CF400704C90 /* Release */,
			);
			defaultConfigurationIsVisible = 0;
			defaultConfigurationName = Release;
		};
		6F7948CA26B48CF400704C90 /* Build configuration list for PBXNativeTarget "Cupcake Corner" */ = {
			isa = XCConfigurationList;
			buildConfigurations = (
				6F7948CB26B48CF400704C90 /* Debug */,
				6F7948CC26B48CF400704C90 /* Release */,
			);
			defaultConfigurationIsVisible = 0;
			defaultConfigurationName = Release;
		};
		6F7948CD26B48CF400704C90 /* Build configuration list for PBXNativeTarget "Cupcake CornerTests" */ = {
			isa = XCConfigurationList;
			buildConfigurations = (
				6F7948CE26B48CF400704C90 /* Debug */,
				6F7948CF26B48CF400704C90 /* Release */,
			);
			defaultConfigurationIsVisible = 0;
			defaultConfigurationName = Release;
		};
		6F7948D026B48CF400704C90 /* Build configuration list for PBXNativeTarget "Cupcake CornerUITests" */ = {
			isa = XCConfigurationList;
			buildConfigurations = (
				6F7948D126B48CF400704C90 /* Debug */,
				6F7948D226B48CF400704C90 /* Release */,
			);
			defaultConfigurationIsVisible = 0;
			defaultConfigurationName = Release;
		};
/* End XCConfigurationList section */
	};
	rootObject = 6F79489D26B48CF200704C90 /* Project object */;
}
